// !$*UTF8*$!
{
	archiveVersion = 1;
	classes = {
	};
	objectVersion = 48;
	objects = {

/* Begin PBXBuildFile section */
		971954E3206D9E1B00AD2B55 /* AppDelegate.swift in Sources */ = {isa = PBXBuildFile; fileRef = 971954E2206D9E1B00AD2B55 /* AppDelegate.swift */; };
		971954E5206D9E1B00AD2B55 /* ViewController.swift in Sources */ = {isa = PBXBuildFile; fileRef = 971954E4206D9E1B00AD2B55 /* ViewController.swift */; };
		971954E8206D9E1B00AD2B55 /* Main.storyboard in Resources */ = {isa = PBXBuildFile; fileRef = 971954E6206D9E1B00AD2B55 /* Main.storyboard */; };
		971954EA206D9E1B00AD2B55 /* Assets.xcassets in Resources */ = {isa = PBXBuildFile; fileRef = 971954E9206D9E1B00AD2B55 /* Assets.xcassets */; };
		971954ED206D9E1B00AD2B55 /* LaunchScreen.storyboard in Resources */ = {isa = PBXBuildFile; fileRef = 971954EB206D9E1B00AD2B55 /* LaunchScreen.storyboard */; };
		971954F8206D9E1C00AD2B55 /* MusicPlayerTests.swift in Sources */ = {isa = PBXBuildFile; fileRef = 971954F7206D9E1C00AD2B55 /* MusicPlayerTests.swift */; };
		97195503206D9E1C00AD2B55 /* MusicPlayerUITests.swift in Sources */ = {isa = PBXBuildFile; fileRef = 97195502206D9E1C00AD2B55 /* MusicPlayerUITests.swift */; };
/* End PBXBuildFile section */

/* Begin PBXContainerItemProxy section */
		971954F4206D9E1C00AD2B55 /* PBXContainerItemProxy */ = {
			isa = PBXContainerItemProxy;
			containerPortal = 971954D7206D9E1B00AD2B55 /* Project object */;
			proxyType = 1;
			remoteGlobalIDString = 971954DE206D9E1B00AD2B55;
			remoteInfo = MusicPlayer;
		};
		971954FF206D9E1C00AD2B55 /* PBXContainerItemProxy */ = {
			isa = PBXContainerItemProxy;
			containerPortal = 971954D7206D9E1B00AD2B55 /* Project object */;
			proxyType = 1;
			remoteGlobalIDString = 971954DE206D9E1B00AD2B55;
			remoteInfo = MusicPlayer;
		};
/* End PBXContainerItemProxy section */

/* Begin PBXFileReference section */
		971954DF206D9E1B00AD2B55 /* MusicPlayer.app */ = {isa = PBXFileReference; explicitFileType = wrapper.application; includeInIndex = 0; path = MusicPlayer.app; sourceTree = BUILT_PRODUCTS_DIR; };
		971954E2206D9E1B00AD2B55 /* AppDelegate.swift */ = {isa = PBXFileReference; lastKnownFileType = sourcecode.swift; path = AppDelegate.swift; sourceTree = "<group>"; };
		971954E4206D9E1B00AD2B55 /* ViewController.swift */ = {isa = PBXFileReference; lastKnownFileType = sourcecode.swift; path = ViewController.swift; sourceTree = "<group>"; };
		971954E7206D9E1B00AD2B55 /* Base */ = {isa = PBXFileReference; lastKnownFileType = file.storyboard; name = Base; path = Base.lproj/Main.storyboard; sourceTree = "<group>"; };
		971954E9206D9E1B00AD2B55 /* Assets.xcassets */ = {isa = PBXFileReference; lastKnownFileType = folder.assetcatalog; path = Assets.xcassets; sourceTree = "<group>"; };
		971954EC206D9E1B00AD2B55 /* Base */ = {isa = PBXFileReference; lastKnownFileType = file.storyboard; name = Base; path = Base.lproj/LaunchScreen.storyboard; sourceTree = "<group>"; };
		971954EE206D9E1B00AD2B55 /* Info.plist */ = {isa = PBXFileReference; lastKnownFileType = text.plist.xml; path = Info.plist; sourceTree = "<group>"; };
		971954F3206D9E1C00AD2B55 /* MusicPlayerTests.xctest */ = {isa = PBXFileReference; explicitFileType = wrapper.cfbundle; includeInIndex = 0; path = MusicPlayerTests.xctest; sourceTree = BUILT_PRODUCTS_DIR; };
		971954F7206D9E1C00AD2B55 /* MusicPlayerTests.swift */ = {isa = PBXFileReference; lastKnownFileType = sourcecode.swift; path = MusicPlayerTests.swift; sourceTree = "<group>"; };
		971954F9206D9E1C00AD2B55 /* Info.plist */ = {isa = PBXFileReference; lastKnownFileType = text.plist.xml; path = Info.plist; sourceTree = "<group>"; };
		971954FE206D9E1C00AD2B55 /* MusicPlayerUITests.xctest */ = {isa = PBXFileReference; explicitFileType = wrapper.cfbundle; includeInIndex = 0; path = MusicPlayerUITests.xctest; sourceTree = BUILT_PRODUCTS_DIR; };
		97195502206D9E1C00AD2B55 /* MusicPlayerUITests.swift */ = {isa = PBXFileReference; lastKnownFileType = sourcecode.swift; path = MusicPlayerUITests.swift; sourceTree = "<group>"; };
		97195504206D9E1C00AD2B55 /* Info.plist */ = {isa = PBXFileReference; lastKnownFileType = text.plist.xml; path = Info.plist; sourceTree = "<group>"; };
/* End PBXFileReference section */

/* Begin PBXFrameworksBuildPhase section */
		971954DC206D9E1B00AD2B55 /* Frameworks */ = {
			isa = PBXFrameworksBuildPhase;
			buildActionMask = 2147483647;
			files = (
			);
			runOnlyForDeploymentPostprocessing = 0;
		};
		971954F0206D9E1C00AD2B55 /* Frameworks */ = {
			isa = PBXFrameworksBuildPhase;
			buildActionMask = 2147483647;
			files = (
			);
			runOnlyForDeploymentPostprocessing = 0;
		};
		971954FB206D9E1C00AD2B55 /* Frameworks */ = {
			isa = PBXFrameworksBuildPhase;
			buildActionMask = 2147483647;
			files = (
			);
			runOnlyForDeploymentPostprocessing = 0;
		};
/* End PBXFrameworksBuildPhase section */

/* Begin PBXGroup section */
		971954D6206D9E1B00AD2B55 = {
			isa = PBXGroup;
			children = (
				971954E1206D9E1B00AD2B55 /* MusicPlayer */,
				971954F6206D9E1C00AD2B55 /* MusicPlayerTests */,
				97195501206D9E1C00AD2B55 /* MusicPlayerUITests */,
				971954E0206D9E1B00AD2B55 /* Products */,
			);
			sourceTree = "<group>";
		};
		971954E0206D9E1B00AD2B55 /* Products */ = {
			isa = PBXGroup;
			children = (
				971954DF206D9E1B00AD2B55 /* MusicPlayer.app */,
				971954F3206D9E1C00AD2B55 /* MusicPlayerTests.xctest */,
				971954FE206D9E1C00AD2B55 /* MusicPlayerUITests.xctest */,
			);
			name = Products;
			sourceTree = "<group>";
		};
		971954E1206D9E1B00AD2B55 /* MusicPlayer */ = {
			isa = PBXGroup;
			children = (
				971954E2206D9E1B00AD2B55 /* AppDelegate.swift */,
				971954E4206D9E1B00AD2B55 /* ViewController.swift */,
				971954E6206D9E1B00AD2B55 /* Main.storyboard */,
				971954E9206D9E1B00AD2B55 /* Assets.xcassets */,
				971954EB206D9E1B00AD2B55 /* LaunchScreen.storyboard */,
				971954EE206D9E1B00AD2B55 /* Info.plist */,
			);
			path = MusicPlayer;
			sourceTree = "<group>";
		};
		971954F6206D9E1C00AD2B55 /* MusicPlayerTests */ = {
			isa = PBXGroup;
			children = (
				971954F7206D9E1C00AD2B55 /* MusicPlayerTests.swift */,
				971954F9206D9E1C00AD2B55 /* Info.plist */,
			);
			path = MusicPlayerTests;
			sourceTree = "<group>";
		};
		97195501206D9E1C00AD2B55 /* MusicPlayerUITests */ = {
			isa = PBXGroup;
			children = (
				97195502206D9E1C00AD2B55 /* MusicPlayerUITests.swift */,
				97195504206D9E1C00AD2B55 /* Info.plist */,
			);
			path = MusicPlayerUITests;
			sourceTree = "<group>";
		};
/* End PBXGroup section */

/* Begin PBXNativeTarget section */
		971954DE206D9E1B00AD2B55 /* MusicPlayer */ = {
			isa = PBXNativeTarget;
			buildConfigurationList = 97195507206D9E1C00AD2B55 /* Build configuration list for PBXNativeTarget "MusicPlayer" */;
			buildPhases = (
				971954DB206D9E1B00AD2B55 /* Sources */,
				971954DC206D9E1B00AD2B55 /* Frameworks */,
				971954DD206D9E1B00AD2B55 /* Resources */,
			);
			buildRules = (
			);
			dependencies = (
			);
			name = MusicPlayer;
			productName = MusicPlayer;
			productReference = 971954DF206D9E1B00AD2B55 /* MusicPlayer.app */;
			productType = "com.apple.product-type.application";
		};
		971954F2206D9E1C00AD2B55 /* MusicPlayerTests */ = {
			isa = PBXNativeTarget;
			buildConfigurationList = 9719550A206D9E1C00AD2B55 /* Build configuration list for PBXNativeTarget "MusicPlayerTests" */;
			buildPhases = (
				971954EF206D9E1C00AD2B55 /* Sources */,
				971954F0206D9E1C00AD2B55 /* Frameworks */,
				971954F1206D9E1C00AD2B55 /* Resources */,
			);
			buildRules = (
			);
			dependencies = (
				971954F5206D9E1C00AD2B55 /* PBXTargetDependency */,
			);
			name = MusicPlayerTests;
			productName = MusicPlayerTests;
			productReference = 971954F3206D9E1C00AD2B55 /* MusicPlayerTests.xctest */;
			productType = "com.apple.product-type.bundle.unit-test";
		};
		971954FD206D9E1C00AD2B55 /* MusicPlayerUITests */ = {
			isa = PBXNativeTarget;
			buildConfigurationList = 9719550D206D9E1C00AD2B55 /* Build configuration list for PBXNativeTarget "MusicPlayerUITests" */;
			buildPhases = (
				971954FA206D9E1C00AD2B55 /* Sources */,
				971954FB206D9E1C00AD2B55 /* Frameworks */,
				971954FC206D9E1C00AD2B55 /* Resources */,
			);
			buildRules = (
			);
			dependencies = (
				97195500206D9E1C00AD2B55 /* PBXTargetDependency */,
			);
			name = MusicPlayerUITests;
			productName = MusicPlayerUITests;
			productReference = 971954FE206D9E1C00AD2B55 /* MusicPlayerUITests.xctest */;
			productType = "com.apple.product-type.bundle.ui-testing";
		};
/* End PBXNativeTarget section */

/* Begin PBXProject section */
		971954D7206D9E1B00AD2B55 /* Project object */ = {
			isa = PBXProject;
			attributes = {
				LastSwiftUpdateCheck = 0920;
				LastUpgradeCheck = 0920;
				ORGANIZATIONNAME = "rhino Q";
				TargetAttributes = {
					971954DE206D9E1B00AD2B55 = {
						CreatedOnToolsVersion = 9.2;
						ProvisioningStyle = Automatic;
					};
					971954F2206D9E1C00AD2B55 = {
						CreatedOnToolsVersion = 9.2;
						ProvisioningStyle = Automatic;
						TestTargetID = 971954DE206D9E1B00AD2B55;
					};
					971954FD206D9E1C00AD2B55 = {
						CreatedOnToolsVersion = 9.2;
						ProvisioningStyle = Automatic;
						TestTargetID = 971954DE206D9E1B00AD2B55;
					};
				};
			};
			buildConfigurationList = 971954DA206D9E1B00AD2B55 /* Build configuration list for PBXProject "MusicPlayer" */;
			compatibilityVersion = "Xcode 8.0";
			developmentRegion = en;
			hasScannedForEncodings = 0;
			knownRegions = (
				en,
				Base,
			);
			mainGroup = 971954D6206D9E1B00AD2B55;
			productRefGroup = 971954E0206D9E1B00AD2B55 /* Products */;
			projectDirPath = "";
			projectRoot = "";
			targets = (
				971954DE206D9E1B00AD2B55 /* MusicPlayer */,
				971954F2206D9E1C00AD2B55 /* MusicPlayerTests */,
				971954FD206D9E1C00AD2B55 /* MusicPlayerUITests */,
			);
		};
/* End PBXProject section */

/* Begin PBXResourcesBuildPhase section */
		971954DD206D9E1B00AD2B55 /* Resources */ = {
			isa = PBXResourcesBuildPhase;
			buildActionMask = 2147483647;
			files = (
				971954ED206D9E1B00AD2B55 /* LaunchScreen.storyboard in Resources */,
				971954EA206D9E1B00AD2B55 /* Assets.xcassets in Resources */,
				971954E8206D9E1B00AD2B55 /* Main.storyboard in Resources */,
			);
			runOnlyForDeploymentPostprocessing = 0;
		};
		971954F1206D9E1C00AD2B55 /* Resources */ = {
			isa = PBXResourcesBuildPhase;
			buildActionMask = 2147483647;
			files = (
			);
			runOnlyForDeploymentPostprocessing = 0;
		};
		971954FC206D9E1C00AD2B55 /* Resources */ = {
			isa = PBXResourcesBuildPhase;
			buildActionMask = 2147483647;
			files = (
			);
			runOnlyForDeploymentPostprocessing = 0;
		};
/* End PBXResourcesBuildPhase section */

/* Begin PBXSourcesBuildPhase section */
		971954DB206D9E1B00AD2B55 /* Sources */ = {
			isa = PBXSourcesBuildPhase;
			buildActionMask = 2147483647;
			files = (
				971954E5206D9E1B00AD2B55 /* ViewController.swift in Sources */,
				971954E3206D9E1B00AD2B55 /* AppDelegate.swift in Sources */,
			);
			runOnlyForDeploymentPostprocessing = 0;
		};
		971954EF206D9E1C00AD2B55 /* Sources */ = {
			isa = PBXSourcesBuildPhase;
			buildActionMask = 2147483647;
			files = (
				971954F8206D9E1C00AD2B55 /* MusicPlayerTests.swift in Sources */,
			);
			runOnlyForDeploymentPostprocessing = 0;
		};
		971954FA206D9E1C00AD2B55 /* Sources */ = {
			isa = PBXSourcesBuildPhase;
			buildActionMask = 2147483647;
			files = (
				97195503206D9E1C00AD2B55 /* MusicPlayerUITests.swift in Sources */,
			);
			runOnlyForDeploymentPostprocessing = 0;
		};
/* End PBXSourcesBuildPhase section */

/* Begin PBXTargetDependency section */
		971954F5206D9E1C00AD2B55 /* PBXTargetDependency */ = {
			isa = PBXTargetDependency;
			target = 971954DE206D9E1B00AD2B55 /* MusicPlayer */;
			targetProxy = 971954F4206D9E1C00AD2B55 /* PBXContainerItemProxy */;
		};
		97195500206D9E1C00AD2B55 /* PBXTargetDependency */ = {
			isa = PBXTargetDependency;
			target = 971954DE206D9E1B00AD2B55 /* MusicPlayer */;
			targetProxy = 971954FF206D9E1C00AD2B55 /* PBXContainerItemProxy */;
		};
/* End PBXTargetDependency section */

/* Begin PBXVariantGroup section */
		971954E6206D9E1B00AD2B55 /* Main.storyboard */ = {
			isa = PBXVariantGroup;
			children = (
				971954E7206D9E1B00AD2B55 /* Base */,
			);
			name = Main.storyboard;
			sourceTree = "<group>";
		};
		971954EB206D9E1B00AD2B55 /* LaunchScreen.storyboard */ = {
			isa = PBXVariantGroup;
			children = (
				971954EC206D9E1B00AD2B55 /* Base */,
			);
			name = LaunchScreen.storyboard;
			sourceTree = "<group>";
		};
/* End PBXVariantGroup section */

/* Begin XCBuildConfiguration section */
		97195505206D9E1C00AD2B55 /* Debug */ = {
			isa = XCBuildConfiguration;
			buildSettings = {
				ALWAYS_SEARCH_USER_PATHS = NO;
				CLANG_ANALYZER_NONNULL = YES;
				CLANG_ANALYZER_NUMBER_OBJECT_CONVERSION = YES_AGGRESSIVE;
				CLANG_CXX_LANGUAGE_STANDARD = "gnu++14";
				CLANG_CXX_LIBRARY = "libc++";
				CLANG_ENABLE_MODULES = YES;
				CLANG_ENABLE_OBJC_ARC = YES;
				CLANG_WARN_BLOCK_CAPTURE_AUTORELEASING = YES;
				CLANG_WARN_BOOL_CONVERSION = YES;
				CLANG_WARN_COMMA = YES;
				CLANG_WARN_CONSTANT_CONVERSION = YES;
				CLANG_WARN_DIRECT_OBJC_ISA_USAGE = YES_ERROR;
				CLANG_WARN_DOCUMENTATION_COMMENTS = YES;
				CLANG_WARN_EMPTY_BODY = YES;
				CLANG_WARN_ENUM_CONVERSION = YES;
				CLANG_WARN_INFINITE_RECURSION = YES;
				CLANG_WARN_INT_CONVERSION = YES;
				CLANG_WARN_NON_LITERAL_NULL_CONVERSION = YES;
				CLANG_WARN_OBJC_LITERAL_CONVERSION = YES;
				CLANG_WARN_OBJC_ROOT_CLASS = YES_ERROR;
				CLANG_WARN_RANGE_LOOP_ANALYSIS = YES;
				CLANG_WARN_STRICT_PROTOTYPES = YES;
				CLANG_WARN_SUSPICIOUS_MOVE = YES;
				CLANG_WARN_UNGUARDED_AVAILABILITY = YES_AGGRESSIVE;
				CLANG_WARN_UNREACHABLE_CODE = YES;
				CLANG_WARN__DUPLICATE_METHOD_MATCH = YES;
				CODE_SIGN_IDENTITY = "iPhone Developer";
				COPY_PHASE_STRIP = NO;
				DEBUG_INFORMATION_FORMAT = dwarf;
				ENABLE_STRICT_OBJC_MSGSEND = YES;
				ENABLE_TESTABILITY = YES;
				GCC_C_LANGUAGE_STANDARD = gnu11;
				GCC_DYNAMIC_NO_PIC = NO;
				GCC_NO_COMMON_BLOCKS = YES;
				GCC_OPTIMIZATION_LEVEL = 0;
				GCC_PREPROCESSOR_DEFINITIONS = (
					"DEBUG=1",
					"$(inherited)",
				);
				GCC_WARN_64_TO_32_BIT_CONVERSION = YES;
				GCC_WARN_ABOUT_RETURN_TYPE = YES_ERROR;
				GCC_WARN_UNDECLARED_SELECTOR = YES;
				GCC_WARN_UNINITIALIZED_AUTOS = YES_AGGRESSIVE;
				GCC_WARN_UNUSED_FUNCTION = YES;
				GCC_WARN_UNUSED_VARIABLE = YES;
				IPHONEOS_DEPLOYMENT_TARGET = 11.2;
				MTL_ENABLE_DEBUG_INFO = YES;
				ONLY_ACTIVE_ARCH = YES;
				SDKROOT = iphoneos;
				SWIFT_ACTIVE_COMPILATION_CONDITIONS = DEBUG;
				SWIFT_OPTIMIZATION_LEVEL = "-Onone";
			};
			name = Debug;
		};
		97195506206D9E1C00AD2B55 /* Release */ = {
			isa = XCBuildConfiguration;
			buildSettings = {
				ALWAYS_SEARCH_USER_PATHS = NO;
				CLANG_ANALYZER_NONNULL = YES;
				CLANG_ANALYZER_NUMBER_OBJECT_CONVERSION = YES_AGGRESSIVE;
				CLANG_CXX_LANGUAGE_STANDARD = "gnu++14";
				CLANG_CXX_LIBRARY = "libc++";
				CLANG_ENABLE_MODULES = YES;
				CLANG_ENABLE_OBJC_ARC = YES;
				CLANG_WARN_BLOCK_CAPTURE_AUTORELEASING = YES;
				CLANG_WARN_BOOL_CONVERSION = YES;
				CLANG_WARN_COMMA = YES;
				CLANG_WARN_CONSTANT_CONVERSION = YES;
				CLANG_WARN_DIRECT_OBJC_ISA_USAGE = YES_ERROR;
				CLANG_WARN_DOCUMENTATION_COMMENTS = YES;
				CLANG_WARN_EMPTY_BODY = YES;
				CLANG_WARN_ENUM_CONVERSION = YES;
				CLANG_WARN_INFINITE_RECURSION = YES;
				CLANG_WARN_INT_CONVERSION = YES;
				CLANG_WARN_NON_LITERAL_NULL_CONVERSION = YES;
				CLANG_WARN_OBJC_LITERAL_CONVERSION = YES;
				CLANG_WARN_OBJC_ROOT_CLASS = YES_ERROR;
				CLANG_WARN_RANGE_LOOP_ANALYSIS = YES;
				CLANG_WARN_STRICT_PROTOTYPES = YES;
				CLANG_WARN_SUSPICIOUS_MOVE = YES;
				CLANG_WARN_UNGUARDED_AVAILABILITY = YES_AGGRESSIVE;
				CLANG_WARN_UNREACHABLE_CODE = YES;
				CLANG_WARN__DUPLICATE_METHOD_MATCH = YES;
				CODE_SIGN_IDENTITY = "iPhone Developer";
				COPY_PHASE_STRIP = NO;
				DEBUG_INFORMATION_FORMAT = "dwarf-with-dsym";
				ENABLE_NS_ASSERTIONS = NO;
				ENABLE_STRICT_OBJC_MSGSEND = YES;
				GCC_C_LANGUAGE_STANDARD = gnu11;
				GCC_NO_COMMON_BLOCKS = YES;
				GCC_WARN_64_TO_32_BIT_CONVERSION = YES;
				GCC_WARN_ABOUT_RETURN_TYPE = YES_ERROR;
				GCC_WARN_UNDECLARED_SELECTOR = YES;
				GCC_WARN_UNINITIALIZED_AUTOS = YES_AGGRESSIVE;
				GCC_WARN_UNUSED_FUNCTION = YES;
				GCC_WARN_UNUSED_VARIABLE = YES;
				IPHONEOS_DEPLOYMENT_TARGET = 11.2;
				MTL_ENABLE_DEBUG_INFO = NO;
				SDKROOT = iphoneos;
				SWIFT_OPTIMIZATION_LEVEL = "-Owholemodule";
				VALIDATE_PRODUCT = YES;
			};
			name = Release;
		};
		97195508206D9E1C00AD2B55 /* Debug */ = {
			isa = XCBuildConfiguration;
			buildSettings = {
				ASSETCATALOG_COMPILER_APPICON_NAME = AppIcon;
				CODE_SIGN_STYLE = Automatic;
				INFOPLIST_FILE = MusicPlayer/Info.plist;
				LD_RUNPATH_SEARCH_PATHS = "$(inherited) @executable_path/Frameworks";
				PRODUCT_BUNDLE_IDENTIFIER = com.rhino.MusicPlayer;
				PRODUCT_NAME = "$(TARGET_NAME)";
				SWIFT_VERSION = 4.0;
				TARGETED_DEVICE_FAMILY = "1,2";
			};
			name = Debug;
		};
		97195509206D9E1C00AD2B55 /* Release */ = {
			isa = XCBuildConfiguration;
			buildSettings = {
				ASSETCATALOG_COMPILER_APPICON_NAME = AppIcon;
				CODE_SIGN_STYLE = Automatic;
				INFOPLIST_FILE = MusicPlayer/Info.plist;
				LD_RUNPATH_SEARCH_PATHS = "$(inherited) @executable_path/Frameworks";
				PRODUCT_BUNDLE_IDENTIFIER = com.rhino.MusicPlayer;
				PRODUCT_NAME = "$(TARGET_NAME)";
				SWIFT_VERSION = 4.0;
				TARGETED_DEVICE_FAMILY = "1,2";
			};
			name = Release;
		};
		9719550B206D9E1C00AD2B55 /* Debug */ = {
			isa = XCBuildConfiguration;
			buildSettings = {
				ALWAYS_EMBED_SWIFT_STANDARD_LIBRARIES = YES;
				BUNDLE_LOADER = "$(TEST_HOST)";
				CODE_SIGN_STYLE = Automatic;
				INFOPLIST_FILE = MusicPlayerTests/Info.plist;
				LD_RUNPATH_SEARCH_PATHS = "$(inherited) @executable_path/Frameworks @loader_path/Frameworks";
				PRODUCT_BUNDLE_IDENTIFIER = com.rhino.MusicPlayerTests;
				PRODUCT_NAME = "$(TARGET_NAME)";
				SWIFT_VERSION = 4.0;
				TARGETED_DEVICE_FAMILY = "1,2";
				TEST_HOST = "$(BUILT_PRODUCTS_DIR)/MusicPlayer.app/MusicPlayer";
			};
			name = Debug;
		};
		9719550C206D9E1C00AD2B55 /* Release */ = {
			isa = XCBuildConfiguration;
			buildSettings = {
				ALWAYS_EMBED_SWIFT_STANDARD_LIBRARIES = YES;
				BUNDLE_LOADER = "$(TEST_HOST)";
				CODE_SIGN_STYLE = Automatic;
				INFOPLIST_FILE = MusicPlayerTests/Info.plist;
				LD_RUNPATH_SEARCH_PATHS = "$(inherited) @executable_path/Frameworks @loader_path/Frameworks";
				PRODUCT_BUNDLE_IDENTIFIER = com.rhino.MusicPlayerTests;
				PRODUCT_NAME = "$(TARGET_NAME)";
				SWIFT_VERSION = 4.0;
				TARGETED_DEVICE_FAMILY = "1,2";
				TEST_HOST = "$(BUILT_PRODUCTS_DIR)/MusicPlayer.app/MusicPlayer";
			};
			name = Release;
		};
		9719550E206D9E1C00AD2B55 /* Debug */ = {
			isa = XCBuildConfiguration;
			buildSettings = {
				ALWAYS_EMBED_SWIFT_STANDARD_LIBRARIES = YES;
				CODE_SIGN_STYLE = Automatic;
				INFOPLIST_FILE = MusicPlayerUITests/Info.plist;
				LD_RUNPATH_SEARCH_PATHS = "$(inherited) @executable_path/Frameworks @loader_path/Frameworks";
				PRODUCT_BUNDLE_IDENTIFIER = com.rhino.MusicPlayerUITests;
				PRODUCT_NAME = "$(TARGET_NAME)";
				SWIFT_VERSION = 4.0;
				TARGETED_DEVICE_FAMILY = "1,2";
				TEST_TARGET_NAME = MusicPlayer;
			};
			name = Debug;
		};
		9719550F206D9E1C00AD2B55 /* Release */ = {
			isa = XCBuildConfiguration;
			buildSettings = {
				ALWAYS_EMBED_SWIFT_STANDARD_LIBRARIES = YES;
				CODE_SIGN_STYLE = Automatic;
				INFOPLIST_FILE = MusicPlayerUITests/Info.plist;
				LD_RUNPATH_SEARCH_PATHS = "$(inherited) @executable_path/Frameworks @loader_path/Frameworks";
				PRODUCT_BUNDLE_IDENTIFIER = com.rhino.MusicPlayerUITests;
				PRODUCT_NAME = "$(TARGET_NAME)";
				SWIFT_VERSION = 4.0;
				TARGETED_DEVICE_FAMILY = "1,2";
				TEST_TARGET_NAME = MusicPlayer;
			};
			name = Release;
		};
/* End XCBuildConfiguration section */

/* Begin XCConfigurationList section */
		971954DA206D9E1B00AD2B55 /* Build configuration list for PBXProject "MusicPlayer" */ = {
			isa = XCConfigurationList;
			buildConfigurations = (
				97195505206D9E1C00AD2B55 /* Debug */,
				97195506206D9E1C00AD2B55 /* Release */,
			);
			defaultConfigurationIsVisible = 0;
			defaultConfigurationName = Release;
		};
		97195507206D9E1C00AD2B55 /* Build configuration list for PBXNativeTarget "MusicPlayer" */ = {
			isa = XCConfigurationList;
			buildConfigurations = (
				97195508206D9E1C00AD2B55 /* Debug */,
				97195509206D9E1C00AD2B55 /* Release */,
			);
			defaultConfigurationIsVisible = 0;
			defaultConfigurationName = Release;
		};
		9719550A206D9E1C00AD2B55 /* Build configuration list for PBXNativeTarget "MusicPlayerTests" */ = {
			isa = XCConfigurationList;
			buildConfigurations = (
				9719550B206D9E1C00AD2B55 /* Debug */,
				9719550C206D9E1C00AD2B55 /* Release */,
			);
			defaultConfigurationIsVisible = 0;
			defaultConfigurationName = Release;
		};
		9719550D206D9E1C00AD2B55 /* Build configuration list for PBXNativeTarget "MusicPlayerUITests" */ = {
			isa = XCConfigurationList;
			buildConfigurations = (
				9719550E206D9E1C00AD2B55 /* Debug */,
				9719550F206D9E1C00AD2B55 /* Release */,
			);
			defaultConfigurationIsVisible = 0;
			defaultConfigurationName = Release;
		};
/* End XCConfigurationList section */
	};
	rootObject = 971954D7206D9E1B00AD2B55 /* Project object */;
}
