// !$*UTF8*$!
{
	archiveVersion = 1;
	classes = {
	};
	objectVersion = 56;
	objects = {

/* Begin PBXBuildFile section */
		97574F5529B9F39C00EC87CD /* CardsApp.swift in Sources */ = {isa = PBXBuildFile; fileRef = 97574F5429B9F39C00EC87CD /* CardsApp.swift */; };
		97574F5929B9F39E00EC87CD /* Assets.xcassets in Resources */ = {isa = PBXBuildFile; fileRef = 97574F5829B9F39E00EC87CD /* Assets.xcassets */; };
		97574F5C29B9F39E00EC87CD /* Preview Assets.xcassets in Resources */ = {isa = PBXBuildFile; fileRef = 97574F5B29B9F39E00EC87CD /* Preview Assets.xcassets */; };
		97574F6329B9F3F900EC87CD /* CardListView.swift in Sources */ = {isa = PBXBuildFile; fileRef = 97574F6229B9F3F900EC87CD /* CardListView.swift */; };
		97574F6529B9F4EB00EC87CD /* CardThumbnailView.swift in Sources */ = {isa = PBXBuildFile; fileRef = 97574F6429B9F4EB00EC87CD /* CardThumbnailView.swift */; };
		97574F6729B9F51000EC87CD /* SingleCardView.swift in Sources */ = {isa = PBXBuildFile; fileRef = 97574F6629B9F51000EC87CD /* SingleCardView.swift */; };
		97574F6929B9F5C600EC87CD /* ViewState.swift in Sources */ = {isa = PBXBuildFile; fileRef = 97574F6829B9F5C600EC87CD /* ViewState.swift */; };
		97574F6B29B9F6B500EC87CD /* CardsView.swift in Sources */ = {isa = PBXBuildFile; fileRef = 97574F6A29B9F6B500EC87CD /* CardsView.swift */; };
		97574F6D29B9F79500EC87CD /* ContentView.swift in Sources */ = {isa = PBXBuildFile; fileRef = 97574F6C29B9F79500EC87CD /* ContentView.swift */; };
		97574F6F29B9F8A200EC87CD /* CardDetailView.swift in Sources */ = {isa = PBXBuildFile; fileRef = 97574F6E29B9F8A200EC87CD /* CardDetailView.swift */; };
		97574F7129B9FA6B00EC87CD /* CardModal.swift in Sources */ = {isa = PBXBuildFile; fileRef = 97574F7029B9FA6B00EC87CD /* CardModal.swift */; };
		97574F7329B9FA9700EC87CD /* CardBottomToolbar.swift in Sources */ = {isa = PBXBuildFile; fileRef = 97574F7229B9FA9700EC87CD /* CardBottomToolbar.swift */; };
		97574F7829BB2ED200EC87CD /* ResizableView.swift in Sources */ = {isa = PBXBuildFile; fileRef = 97574F7729BB2ED200EC87CD /* ResizableView.swift */; };
		97574F7A29BB2F3D00EC87CD /* Transform.swift in Sources */ = {isa = PBXBuildFile; fileRef = 97574F7929BB2F3D00EC87CD /* Transform.swift */; };
		97574F7D29BB334100EC87CD /* Operators.swift in Sources */ = {isa = PBXBuildFile; fileRef = 97574F7C29BB334100EC87CD /* Operators.swift */; };
		97574F7F29BB3AF600EC87CD /* ViewExtensions.swift in Sources */ = {isa = PBXBuildFile; fileRef = 97574F7E29BB3AF600EC87CD /* ViewExtensions.swift */; };
		97574F8229BB3DAA00EC87CD /* Settings.swift in Sources */ = {isa = PBXBuildFile; fileRef = 97574F8129BB3DAA00EC87CD /* Settings.swift */; };
		97574F8429BB3EE800EC87CD /* ColorExtensions.swift in Sources */ = {isa = PBXBuildFile; fileRef = 97574F8329BB3EE800EC87CD /* ColorExtensions.swift */; };
		97574F8729BB40C800EC87CD /* CardToolbar.swift in Sources */ = {isa = PBXBuildFile; fileRef = 97574F8629BB40C800EC87CD /* CardToolbar.swift */; };
		97CDBFE629C3D57900933300 /* Shapes.swift in Sources */ = {isa = PBXBuildFile; fileRef = 97CDBFE529C3D57900933300 /* Shapes.swift */; };
		97CDBFE829C3DBE200933300 /* FramePicker.swift in Sources */ = {isa = PBXBuildFile; fileRef = 97CDBFE729C3DBE200933300 /* FramePicker.swift */; };
		97CDBFEA29C3DCBC00933300 /* AnyShape.swift in Sources */ = {isa = PBXBuildFile; fileRef = 97CDBFE929C3DCBC00933300 /* AnyShape.swift */; };
		97D7DF2229BC6C580042723C /* PreviewData.swift in Sources */ = {isa = PBXBuildFile; fileRef = 97D7DF2129BC6C580042723C /* PreviewData.swift */; };
		97D7DF2429BC6C6C0042723C /* TextExtensions.swift in Sources */ = {isa = PBXBuildFile; fileRef = 97D7DF2329BC6C6C0042723C /* TextExtensions.swift */; };
		97D7DF2629BC6EE90042723C /* CardElement.swift in Sources */ = {isa = PBXBuildFile; fileRef = 97D7DF2529BC6EE90042723C /* CardElement.swift */; };
		97D7DF2829BC6F150042723C /* Card.swift in Sources */ = {isa = PBXBuildFile; fileRef = 97D7DF2729BC6F150042723C /* Card.swift */; };
		97D7DF2A29BC6F550042723C /* CardStore.swift in Sources */ = {isa = PBXBuildFile; fileRef = 97D7DF2929BC6F550042723C /* CardStore.swift */; };
		97D7DF2C29BC7F280042723C /* CardElementView.swift in Sources */ = {isa = PBXBuildFile; fileRef = 97D7DF2B29BC7F280042723C /* CardElementView.swift */; };
		97D7DF3129BDF7420042723C /* Stickers in Resources */ = {isa = PBXBuildFile; fileRef = 97D7DF3029BDF7420042723C /* Stickers */; };
		97D7DF3429BDF7710042723C /* StickerPicker.swift in Sources */ = {isa = PBXBuildFile; fileRef = 97D7DF3329BDF7710042723C /* StickerPicker.swift */; };
		97D7DF3629BF16D70042723C /* PhotoPicker.swift in Sources */ = {isa = PBXBuildFile; fileRef = 97D7DF3529BF16D70042723C /* PhotoPicker.swift */; };
		97D7DF3829BF1DAE0042723C /* CardDrop.swift in Sources */ = {isa = PBXBuildFile; fileRef = 97D7DF3729BF1DAE0042723C /* CardDrop.swift */; };
		97D7DF3A29BF20930042723C /* PencilView.swift in Sources */ = {isa = PBXBuildFile; fileRef = 97D7DF3929BF20930042723C /* PencilView.swift */; };
/* End PBXBuildFile section */

/* Begin PBXFileReference section */
		97574F5129B9F39C00EC87CD /* Cards.app */ = {isa = PBXFileReference; explicitFileType = wrapper.application; includeInIndex = 0; path = Cards.app; sourceTree = BUILT_PRODUCTS_DIR; };
		97574F5429B9F39C00EC87CD /* CardsApp.swift */ = {isa = PBXFileReference; lastKnownFileType = sourcecode.swift; path = CardsApp.swift; sourceTree = "<group>"; };
		97574F5829B9F39E00EC87CD /* Assets.xcassets */ = {isa = PBXFileReference; lastKnownFileType = folder.assetcatalog; path = Assets.xcassets; sourceTree = "<group>"; };
		97574F5B29B9F39E00EC87CD /* Preview Assets.xcassets */ = {isa = PBXFileReference; lastKnownFileType = folder.assetcatalog; path = "Preview Assets.xcassets"; sourceTree = "<group>"; };
		97574F6229B9F3F900EC87CD /* CardListView.swift */ = {isa = PBXFileReference; lastKnownFileType = sourcecode.swift; path = CardListView.swift; sourceTree = "<group>"; };
		97574F6429B9F4EB00EC87CD /* CardThumbnailView.swift */ = {isa = PBXFileReference; lastKnownFileType = sourcecode.swift; path = CardThumbnailView.swift; sourceTree = "<group>"; };
		97574F6629B9F51000EC87CD /* SingleCardView.swift */ = {isa = PBXFileReference; lastKnownFileType = sourcecode.swift; path = SingleCardView.swift; sourceTree = "<group>"; };
		97574F6829B9F5C600EC87CD /* ViewState.swift */ = {isa = PBXFileReference; lastKnownFileType = sourcecode.swift; path = ViewState.swift; sourceTree = "<group>"; };
		97574F6A29B9F6B500EC87CD /* CardsView.swift */ = {isa = PBXFileReference; lastKnownFileType = sourcecode.swift; path = CardsView.swift; sourceTree = "<group>"; };
		97574F6C29B9F79500EC87CD /* ContentView.swift */ = {isa = PBXFileReference; fileEncoding = 4; lastKnownFileType = sourcecode.swift; path = ContentView.swift; sourceTree = "<group>"; };
		97574F6E29B9F8A200EC87CD /* CardDetailView.swift */ = {isa = PBXFileReference; lastKnownFileType = sourcecode.swift; path = CardDetailView.swift; sourceTree = "<group>"; };
		97574F7029B9FA6B00EC87CD /* CardModal.swift */ = {isa = PBXFileReference; lastKnownFileType = sourcecode.swift; path = CardModal.swift; sourceTree = "<group>"; };
		97574F7229B9FA9700EC87CD /* CardBottomToolbar.swift */ = {isa = PBXFileReference; lastKnownFileType = sourcecode.swift; path = CardBottomToolbar.swift; sourceTree = "<group>"; };
		97574F7729BB2ED200EC87CD /* ResizableView.swift */ = {isa = PBXFileReference; lastKnownFileType = sourcecode.swift; path = ResizableView.swift; sourceTree = "<group>"; };
		97574F7929BB2F3D00EC87CD /* Transform.swift */ = {isa = PBXFileReference; lastKnownFileType = sourcecode.swift; path = Transform.swift; sourceTree = "<group>"; };
		97574F7C29BB334100EC87CD /* Operators.swift */ = {isa = PBXFileReference; lastKnownFileType = sourcecode.swift; path = Operators.swift; sourceTree = "<group>"; };
		97574F7E29BB3AF600EC87CD /* ViewExtensions.swift */ = {isa = PBXFileReference; lastKnownFileType = sourcecode.swift; path = ViewExtensions.swift; sourceTree = "<group>"; };
		97574F8129BB3DAA00EC87CD /* Settings.swift */ = {isa = PBXFileReference; lastKnownFileType = sourcecode.swift; path = Settings.swift; sourceTree = "<group>"; };
		97574F8329BB3EE800EC87CD /* ColorExtensions.swift */ = {isa = PBXFileReference; lastKnownFileType = sourcecode.swift; path = ColorExtensions.swift; sourceTree = "<group>"; };
		97574F8629BB40C800EC87CD /* CardToolbar.swift */ = {isa = PBXFileReference; lastKnownFileType = sourcecode.swift; path = CardToolbar.swift; sourceTree = "<group>"; };
		97CDBFE529C3D57900933300 /* Shapes.swift */ = {isa = PBXFileReference; lastKnownFileType = sourcecode.swift; path = Shapes.swift; sourceTree = "<group>"; };
		97CDBFE729C3DBE200933300 /* FramePicker.swift */ = {isa = PBXFileReference; lastKnownFileType = sourcecode.swift; path = FramePicker.swift; sourceTree = "<group>"; };
		97CDBFE929C3DCBC00933300 /* AnyShape.swift */ = {isa = PBXFileReference; lastKnownFileType = sourcecode.swift; path = AnyShape.swift; sourceTree = "<group>"; };
		97D7DF2129BC6C580042723C /* PreviewData.swift */ = {isa = PBXFileReference; fileEncoding = 4; lastKnownFileType = sourcecode.swift; path = PreviewData.swift; sourceTree = "<group>"; };
		97D7DF2329BC6C6C0042723C /* TextExtensions.swift */ = {isa = PBXFileReference; fileEncoding = 4; lastKnownFileType = sourcecode.swift; path = TextExtensions.swift; sourceTree = "<group>"; };
		97D7DF2529BC6EE90042723C /* CardElement.swift */ = {isa = PBXFileReference; lastKnownFileType = sourcecode.swift; path = CardElement.swift; sourceTree = "<group>"; };
		97D7DF2729BC6F150042723C /* Card.swift */ = {isa = PBXFileReference; lastKnownFileType = sourcecode.swift; path = Card.swift; sourceTree = "<group>"; };
		97D7DF2929BC6F550042723C /* CardStore.swift */ = {isa = PBXFileReference; lastKnownFileType = sourcecode.swift; path = CardStore.swift; sourceTree = "<group>"; };
		97D7DF2B29BC7F280042723C /* CardElementView.swift */ = {isa = PBXFileReference; lastKnownFileType = sourcecode.swift; path = CardElementView.swift; sourceTree = "<group>"; };
		97D7DF2D29BDF3020042723C /* Info.plist */ = {isa = PBXFileReference; lastKnownFileType = text.plist; path = Info.plist; sourceTree = "<group>"; };
		97D7DF3029BDF7420042723C /* Stickers */ = {isa = PBXFileReference; lastKnownFileType = folder; path = Stickers; sourceTree = "<group>"; };
		97D7DF3329BDF7710042723C /* StickerPicker.swift */ = {isa = PBXFileReference; lastKnownFileType = sourcecode.swift; path = StickerPicker.swift; sourceTree = "<group>"; };
		97D7DF3529BF16D70042723C /* PhotoPicker.swift */ = {isa = PBXFileReference; lastKnownFileType = sourcecode.swift; path = PhotoPicker.swift; sourceTree = "<group>"; };
		97D7DF3729BF1DAE0042723C /* CardDrop.swift */ = {isa = PBXFileReference; lastKnownFileType = sourcecode.swift; path = CardDrop.swift; sourceTree = "<group>"; };
		97D7DF3929BF20930042723C /* PencilView.swift */ = {isa = PBXFileReference; lastKnownFileType = sourcecode.swift; path = PencilView.swift; sourceTree = "<group>"; };
/* End PBXFileReference section */

/* Begin PBXFrameworksBuildPhase section */
		97574F4E29B9F39C00EC87CD /* Frameworks */ = {
			isa = PBXFrameworksBuildPhase;
			buildActionMask = 2147483647;
			files = (
			);
			runOnlyForDeploymentPostprocessing = 0;
		};
/* End PBXFrameworksBuildPhase section */

/* Begin PBXGroup section */
		97574F4829B9F39C00EC87CD = {
			isa = PBXGroup;
			children = (
				97D7DF3029BDF7420042723C /* Stickers */,
				97574F5329B9F39C00EC87CD /* Cards */,
				97574F5229B9F39C00EC87CD /* Products */,
			);
			sourceTree = "<group>";
		};
		97574F5229B9F39C00EC87CD /* Products */ = {
			isa = PBXGroup;
			children = (
				97574F5129B9F39C00EC87CD /* Cards.app */,
			);
			name = Products;
			sourceTree = "<group>";
		};
		97574F5329B9F39C00EC87CD /* Cards */ = {
			isa = PBXGroup;
			children = (
				97D7DF2D29BDF3020042723C /* Info.plist */,
				97574F8029BB3D9C00EC87CD /* Config */,
				97574F7B29BB333700EC87CD /* Extension */,
				97574F5429B9F39C00EC87CD /* CardsApp.swift */,
				97574F7529B9FEEE00EC87CD /* Views */,
				97574F7429B9FEDB00EC87CD /* Model */,
				97574F5829B9F39E00EC87CD /* Assets.xcassets */,
				97574F5A29B9F39E00EC87CD /* Preview Content */,
			);
			path = Cards;
			sourceTree = "<group>";
		};
		97574F5A29B9F39E00EC87CD /* Preview Content */ = {
			isa = PBXGroup;
			children = (
				97D7DF2129BC6C580042723C /* PreviewData.swift */,
				97574F5B29B9F39E00EC87CD /* Preview Assets.xcassets */,
			);
			path = "Preview Content";
			sourceTree = "<group>";
		};
		97574F7429B9FEDB00EC87CD /* Model */ = {
			isa = PBXGroup;
			children = (
				97574F7029B9FA6B00EC87CD /* CardModal.swift */,
				97574F6829B9F5C600EC87CD /* ViewState.swift */,
				97574F7929BB2F3D00EC87CD /* Transform.swift */,
				97D7DF2529BC6EE90042723C /* CardElement.swift */,
				97D7DF2729BC6F150042723C /* Card.swift */,
				97D7DF2929BC6F550042723C /* CardStore.swift */,
				97CDBFE529C3D57900933300 /* Shapes.swift */,
				97CDBFE929C3DCBC00933300 /* AnyShape.swift */,
			);
			path = Model;
			sourceTree = "<group>";
		};
		97574F7529B9FEEE00EC87CD /* Views */ = {
			isa = PBXGroup;
			children = (
				97574F8529BB408E00EC87CD /* ViewModifiers */,
				97574F6C29B9F79500EC87CD /* ContentView.swift */,
				97574F6229B9F3F900EC87CD /* CardListView.swift */,
				97574F6A29B9F6B500EC87CD /* CardsView.swift */,
				97574F7629B9FF0C00EC87CD /* Single Card Views */,
				97574F6429B9F4EB00EC87CD /* CardThumbnailView.swift */,
			);
			path = Views;
			sourceTree = "<group>";
		};
		97574F7629B9FF0C00EC87CD /* Single Card Views */ = {
			isa = PBXGroup;
			children = (
				97D7DF3229BDF75D0042723C /* CardModalViews */,
				97574F7229B9FA9700EC87CD /* CardBottomToolbar.swift */,
				97574F6629B9F51000EC87CD /* SingleCardView.swift */,
				97574F6E29B9F8A200EC87CD /* CardDetailView.swift */,
				97D7DF3729BF1DAE0042723C /* CardDrop.swift */,
				97D7DF2B29BC7F280042723C /* CardElementView.swift */,
			);
			path = "Single Card Views";
			sourceTree = "<group>";
		};
		97574F7B29BB333700EC87CD /* Extension */ = {
			isa = PBXGroup;
			children = (
				97D7DF2329BC6C6C0042723C /* TextExtensions.swift */,
				97574F7C29BB334100EC87CD /* Operators.swift */,
				97574F7E29BB3AF600EC87CD /* ViewExtensions.swift */,
				97574F8329BB3EE800EC87CD /* ColorExtensions.swift */,
			);
			path = Extension;
			sourceTree = "<group>";
		};
		97574F8029BB3D9C00EC87CD /* Config */ = {
			isa = PBXGroup;
			children = (
				97574F8129BB3DAA00EC87CD /* Settings.swift */,
			);
			path = Config;
			sourceTree = "<group>";
		};
		97574F8529BB408E00EC87CD /* ViewModifiers */ = {
			isa = PBXGroup;
			children = (
				97574F7729BB2ED200EC87CD /* ResizableView.swift */,
				97574F8629BB40C800EC87CD /* CardToolbar.swift */,
			);
			path = ViewModifiers;
			sourceTree = "<group>";
		};
		97D7DF3229BDF75D0042723C /* CardModalViews */ = {
			isa = PBXGroup;
			children = (
				97D7DF3329BDF7710042723C /* StickerPicker.swift */,
				97D7DF3529BF16D70042723C /* PhotoPicker.swift */,
				97D7DF3929BF20930042723C /* PencilView.swift */,
				97CDBFE729C3DBE200933300 /* FramePicker.swift */,
			);
			path = CardModalViews;
			sourceTree = "<group>";
		};
/* End PBXGroup section */

/* Begin PBXNativeTarget section */
		97574F5029B9F39C00EC87CD /* Cards */ = {
			isa = PBXNativeTarget;
			buildConfigurationList = 97574F5F29B9F39E00EC87CD /* Build configuration list for PBXNativeTarget "Cards" */;
			buildPhases = (
				97574F4D29B9F39C00EC87CD /* Sources */,
				97574F4E29B9F39C00EC87CD /* Frameworks */,
				97574F4F29B9F39C00EC87CD /* Resources */,
			);
			buildRules = (
			);
			dependencies = (
			);
			name = Cards;
			productName = Cards;
			productReference = 97574F5129B9F39C00EC87CD /* Cards.app */;
			productType = "com.apple.product-type.application";
		};
/* End PBXNativeTarget section */

/* Begin PBXProject section */
		97574F4929B9F39C00EC87CD /* Project object */ = {
			isa = PBXProject;
			attributes = {
				BuildIndependentTargetsInParallel = 1;
				LastSwiftUpdateCheck = 1420;
				LastUpgradeCheck = 1420;
				TargetAttributes = {
					97574F5029B9F39C00EC87CD = {
						CreatedOnToolsVersion = 14.2;
					};
				};
			};
			buildConfigurationList = 97574F4C29B9F39C00EC87CD /* Build configuration list for PBXProject "Cards" */;
			compatibilityVersion = "Xcode 14.0";
			developmentRegion = en;
			hasScannedForEncodings = 0;
			knownRegions = (
				en,
				Base,
			);
			mainGroup = 97574F4829B9F39C00EC87CD;
			productRefGroup = 97574F5229B9F39C00EC87CD /* Products */;
			projectDirPath = "";
			projectRoot = "";
			targets = (
				97574F5029B9F39C00EC87CD /* Cards */,
			);
		};
/* End PBXProject section */

/* Begin PBXResourcesBuildPhase section */
		97574F4F29B9F39C00EC87CD /* Resources */ = {
			isa = PBXResourcesBuildPhase;
			buildActionMask = 2147483647;
			files = (
				97574F5C29B9F39E00EC87CD /* Preview Assets.xcassets in Resources */,
				97D7DF3129BDF7420042723C /* Stickers in Resources */,
				97574F5929B9F39E00EC87CD /* Assets.xcassets in Resources */,
			);
			runOnlyForDeploymentPostprocessing = 0;
		};
/* End PBXResourcesBuildPhase section */

/* Begin PBXSourcesBuildPhase section */
		97574F4D29B9F39C00EC87CD /* Sources */ = {
			isa = PBXSourcesBuildPhase;
			buildActionMask = 2147483647;
			files = (
				97574F8729BB40C800EC87CD /* CardToolbar.swift in Sources */,
				97D7DF3A29BF20930042723C /* PencilView.swift in Sources */,
				97574F6B29B9F6B500EC87CD /* CardsView.swift in Sources */,
				97574F6329B9F3F900EC87CD /* CardListView.swift in Sources */,
				97574F7829BB2ED200EC87CD /* ResizableView.swift in Sources */,
				97574F6D29B9F79500EC87CD /* ContentView.swift in Sources */,
				97574F6929B9F5C600EC87CD /* ViewState.swift in Sources */,
				97CDBFE629C3D57900933300 /* Shapes.swift in Sources */,
				97574F5529B9F39C00EC87CD /* CardsApp.swift in Sources */,
				97574F6729B9F51000EC87CD /* SingleCardView.swift in Sources */,
				97CDBFEA29C3DCBC00933300 /* AnyShape.swift in Sources */,
				97D7DF2629BC6EE90042723C /* CardElement.swift in Sources */,
				97D7DF2A29BC6F550042723C /* CardStore.swift in Sources */,
				97574F7329B9FA9700EC87CD /* CardBottomToolbar.swift in Sources */,
				97574F7F29BB3AF600EC87CD /* ViewExtensions.swift in Sources */,
				97D7DF3829BF1DAE0042723C /* CardDrop.swift in Sources */,
				97574F8229BB3DAA00EC87CD /* Settings.swift in Sources */,
				97574F6529B9F4EB00EC87CD /* CardThumbnailView.swift in Sources */,
				97CDBFE829C3DBE200933300 /* FramePicker.swift in Sources */,
				97574F7D29BB334100EC87CD /* Operators.swift in Sources */,
				97574F7129B9FA6B00EC87CD /* CardModal.swift in Sources */,
				97D7DF2229BC6C580042723C /* PreviewData.swift in Sources */,
				97D7DF3429BDF7710042723C /* StickerPicker.swift in Sources */,
				97D7DF2C29BC7F280042723C /* CardElementView.swift in Sources */,
				97D7DF2829BC6F150042723C /* Card.swift in Sources */,
				97574F7A29BB2F3D00EC87CD /* Transform.swift in Sources */,
				97D7DF2429BC6C6C0042723C /* TextExtensions.swift in Sources */,
				97574F6F29B9F8A200EC87CD /* CardDetailView.swift in Sources */,
				97D7DF3629BF16D70042723C /* PhotoPicker.swift in Sources */,
				97574F8429BB3EE800EC87CD /* ColorExtensions.swift in Sources */,
			);
			runOnlyForDeploymentPostprocessing = 0;
		};
/* End PBXSourcesBuildPhase section */

/* Begin XCBuildConfiguration section */
		97574F5D29B9F39E00EC87CD /* Debug */ = {
			isa = XCBuildConfiguration;
			buildSettings = {
				ALWAYS_SEARCH_USER_PATHS = NO;
				CLANG_ANALYZER_NONNULL = YES;
				CLANG_ANALYZER_NUMBER_OBJECT_CONVERSION = YES_AGGRESSIVE;
				CLANG_CXX_LANGUAGE_STANDARD = "gnu++20";
				CLANG_ENABLE_MODULES = YES;
				CLANG_ENABLE_OBJC_ARC = YES;
				CLANG_ENABLE_OBJC_WEAK = YES;
				CLANG_WARN_BLOCK_CAPTURE_AUTORELEASING = YES;
				CLANG_WARN_BOOL_CONVERSION = YES;
				CLANG_WARN_COMMA = YES;
				CLANG_WARN_CONSTANT_CONVERSION = YES;
				CLANG_WARN_DEPRECATED_OBJC_IMPLEMENTATIONS = YES;
				CLANG_WARN_DIRECT_OBJC_ISA_USAGE = YES_ERROR;
				CLANG_WARN_DOCUMENTATION_COMMENTS = YES;
				CLANG_WARN_EMPTY_BODY = YES;
				CLANG_WARN_ENUM_CONVERSION = YES;
				CLANG_WARN_INFINITE_RECURSION = YES;
				CLANG_WARN_INT_CONVERSION = YES;
				CLANG_WARN_NON_LITERAL_NULL_CONVERSION = YES;
				CLANG_WARN_OBJC_IMPLICIT_RETAIN_SELF = YES;
				CLANG_WARN_OBJC_LITERAL_CONVERSION = YES;
				CLANG_WARN_OBJC_ROOT_CLASS = YES_ERROR;
				CLANG_WARN_QUOTED_INCLUDE_IN_FRAMEWORK_HEADER = YES;
				CLANG_WARN_RANGE_LOOP_ANALYSIS = YES;
				CLANG_WARN_STRICT_PROTOTYPES = YES;
				CLANG_WARN_SUSPICIOUS_MOVE = YES;
				CLANG_WARN_UNGUARDED_AVAILABILITY = YES_AGGRESSIVE;
				CLANG_WARN_UNREACHABLE_CODE = YES;
				CLANG_WARN__DUPLICATE_METHOD_MATCH = YES;
				COPY_PHASE_STRIP = NO;
				DEBUG_INFORMATION_FORMAT = dwarf;
				ENABLE_STRICT_OBJC_MSGSEND = YES;
				ENABLE_TESTABILITY = YES;
				GCC_C_LANGUAGE_STANDARD = gnu11;
				GCC_DYNAMIC_NO_PIC = NO;
				GCC_NO_COMMON_BLOCKS = YES;
				GCC_OPTIMIZATION_LEVEL = 0;
				GCC_PREPROCESSOR_DEFINITIONS = (
					"DEBUG=1",
					"$(inherited)",
				);
				GCC_WARN_64_TO_32_BIT_CONVERSION = YES;
				GCC_WARN_ABOUT_RETURN_TYPE = YES_ERROR;
				GCC_WARN_UNDECLARED_SELECTOR = YES;
				GCC_WARN_UNINITIALIZED_AUTOS = YES_AGGRESSIVE;
				GCC_WARN_UNUSED_FUNCTION = YES;
				GCC_WARN_UNUSED_VARIABLE = YES;
				IPHONEOS_DEPLOYMENT_TARGET = 16.2;
				MTL_ENABLE_DEBUG_INFO = INCLUDE_SOURCE;
				MTL_FAST_MATH = YES;
				ONLY_ACTIVE_ARCH = YES;
				SDKROOT = iphoneos;
				SWIFT_ACTIVE_COMPILATION_CONDITIONS = DEBUG;
				SWIFT_OPTIMIZATION_LEVEL = "-Onone";
			};
			name = Debug;
		};
		97574F5E29B9F39E00EC87CD /* Release */ = {
			isa = XCBuildConfiguration;
			buildSettings = {
				ALWAYS_SEARCH_USER_PATHS = NO;
				CLANG_ANALYZER_NONNULL = YES;
				CLANG_ANALYZER_NUMBER_OBJECT_CONVERSION = YES_AGGRESSIVE;
				CLANG_CXX_LANGUAGE_STANDARD = "gnu++20";
				CLANG_ENABLE_MODULES = YES;
				CLANG_ENABLE_OBJC_ARC = YES;
				CLANG_ENABLE_OBJC_WEAK = YES;
				CLANG_WARN_BLOCK_CAPTURE_AUTORELEASING = YES;
				CLANG_WARN_BOOL_CONVERSION = YES;
				CLANG_WARN_COMMA = YES;
				CLANG_WARN_CONSTANT_CONVERSION = YES;
				CLANG_WARN_DEPRECATED_OBJC_IMPLEMENTATIONS = YES;
				CLANG_WARN_DIRECT_OBJC_ISA_USAGE = YES_ERROR;
				CLANG_WARN_DOCUMENTATION_COMMENTS = YES;
				CLANG_WARN_EMPTY_BODY = YES;
				CLANG_WARN_ENUM_CONVERSION = YES;
				CLANG_WARN_INFINITE_RECURSION = YES;
				CLANG_WARN_INT_CONVERSION = YES;
				CLANG_WARN_NON_LITERAL_NULL_CONVERSION = YES;
				CLANG_WARN_OBJC_IMPLICIT_RETAIN_SELF = YES;
				CLANG_WARN_OBJC_LITERAL_CONVERSION = YES;
				CLANG_WARN_OBJC_ROOT_CLASS = YES_ERROR;
				CLANG_WARN_QUOTED_INCLUDE_IN_FRAMEWORK_HEADER = YES;
				CLANG_WARN_RANGE_LOOP_ANALYSIS = YES;
				CLANG_WARN_STRICT_PROTOTYPES = YES;
				CLANG_WARN_SUSPICIOUS_MOVE = YES;
				CLANG_WARN_UNGUARDED_AVAILABILITY = YES_AGGRESSIVE;
				CLANG_WARN_UNREACHABLE_CODE = YES;
				CLANG_WARN__DUPLICATE_METHOD_MATCH = YES;
				COPY_PHASE_STRIP = NO;
				DEBUG_INFORMATION_FORMAT = "dwarf-with-dsym";
				ENABLE_NS_ASSERTIONS = NO;
				ENABLE_STRICT_OBJC_MSGSEND = YES;
				GCC_C_LANGUAGE_STANDARD = gnu11;
				GCC_NO_COMMON_BLOCKS = YES;
				GCC_WARN_64_TO_32_BIT_CONVERSION = YES;
				GCC_WARN_ABOUT_RETURN_TYPE = YES_ERROR;
				GCC_WARN_UNDECLARED_SELECTOR = YES;
				GCC_WARN_UNINITIALIZED_AUTOS = YES_AGGRESSIVE;
				GCC_WARN_UNUSED_FUNCTION = YES;
				GCC_WARN_UNUSED_VARIABLE = YES;
				IPHONEOS_DEPLOYMENT_TARGET = 16.2;
				MTL_ENABLE_DEBUG_INFO = NO;
				MTL_FAST_MATH = YES;
				SDKROOT = iphoneos;
				SWIFT_COMPILATION_MODE = wholemodule;
				SWIFT_OPTIMIZATION_LEVEL = "-O";
				VALIDATE_PRODUCT = YES;
			};
			name = Release;
		};
		97574F6029B9F39E00EC87CD /* Debug */ = {
			isa = XCBuildConfiguration;
			buildSettings = {
				ASSETCATALOG_COMPILER_APPICON_NAME = AppIcon;
				ASSETCATALOG_COMPILER_GLOBAL_ACCENT_COLOR_NAME = AccentColor;
				ASSETCATALOG_COMPILER_INCLUDE_ALL_APPICON_ASSETS = NO;
				CODE_SIGN_STYLE = Automatic;
				CURRENT_PROJECT_VERSION = 1;
				DEVELOPMENT_ASSET_PATHS = "\"Cards/Preview Content\"";
				ENABLE_PREVIEWS = YES;
				GENERATE_INFOPLIST_FILE = YES;
				INFOPLIST_FILE = Cards/Info.plist;
				INFOPLIST_KEY_UIApplicationSceneManifest_Generation = YES;
				INFOPLIST_KEY_UIApplicationSupportsIndirectInputEvents = YES;
				INFOPLIST_KEY_UISupportedInterfaceOrientations_iPad = "UIInterfaceOrientationPortrait UIInterfaceOrientationPortraitUpsideDown UIInterfaceOrientationLandscapeLeft UIInterfaceOrientationLandscapeRight";
				INFOPLIST_KEY_UISupportedInterfaceOrientations_iPhone = "UIInterfaceOrientationPortrait UIInterfaceOrientationLandscapeLeft UIInterfaceOrientationLandscapeRight";
				LD_RUNPATH_SEARCH_PATHS = (
					"$(inherited)",
					"@executable_path/Frameworks",
				);
				MARKETING_VERSION = 1.0;
				PRODUCT_BUNDLE_IDENTIFIER = com.HaeSeongPark.Cards;
				PRODUCT_NAME = "$(TARGET_NAME)";
				SWIFT_EMIT_LOC_STRINGS = YES;
				SWIFT_VERSION = 5.0;
				TARGETED_DEVICE_FAMILY = "1,2";
			};
			name = Debug;
		};
		97574F6129B9F39E00EC87CD /* Release */ = {
			isa = XCBuildConfiguration;
			buildSettings = {
				ASSETCATALOG_COMPILER_APPICON_NAME = AppIcon;
				ASSETCATALOG_COMPILER_GLOBAL_ACCENT_COLOR_NAME = AccentColor;
				ASSETCATALOG_COMPILER_INCLUDE_ALL_APPICON_ASSETS = NO;
				CODE_SIGN_STYLE = Automatic;
				CURRENT_PROJECT_VERSION = 1;
				DEVELOPMENT_ASSET_PATHS = "\"Cards/Preview Content\"";
				ENABLE_PREVIEWS = YES;
				GENERATE_INFOPLIST_FILE = YES;
				INFOPLIST_FILE = Cards/Info.plist;
				INFOPLIST_KEY_UIApplicationSceneManifest_Generation = YES;
				INFOPLIST_KEY_UIApplicationSupportsIndirectInputEvents = YES;
				INFOPLIST_KEY_UISupportedInterfaceOrientations_iPad = "UIInterfaceOrientationPortrait UIInterfaceOrientationPortraitUpsideDown UIInterfaceOrientationLandscapeLeft UIInterfaceOrientationLandscapeRight";
				INFOPLIST_KEY_UISupportedInterfaceOrientations_iPhone = "UIInterfaceOrientationPortrait UIInterfaceOrientationLandscapeLeft UIInterfaceOrientationLandscapeRight";
				LD_RUNPATH_SEARCH_PATHS = (
					"$(inherited)",
					"@executable_path/Frameworks",
				);
				MARKETING_VERSION = 1.0;
				PRODUCT_BUNDLE_IDENTIFIER = com.HaeSeongPark.Cards;
				PRODUCT_NAME = "$(TARGET_NAME)";
				SWIFT_EMIT_LOC_STRINGS = YES;
				SWIFT_VERSION = 5.0;
				TARGETED_DEVICE_FAMILY = "1,2";
			};
			name = Release;
		};
/* End XCBuildConfiguration section */

/* Begin XCConfigurationList section */
		97574F4C29B9F39C00EC87CD /* Build configuration list for PBXProject "Cards" */ = {
			isa = XCConfigurationList;
			buildConfigurations = (
				97574F5D29B9F39E00EC87CD /* Debug */,
				97574F5E29B9F39E00EC87CD /* Release */,
			);
			defaultConfigurationIsVisible = 0;
			defaultConfigurationName = Release;
		};
		97574F5F29B9F39E00EC87CD /* Build configuration list for PBXNativeTarget "Cards" */ = {
			isa = XCConfigurationList;
			buildConfigurations = (
				97574F6029B9F39E00EC87CD /* Debug */,
				97574F6129B9F39E00EC87CD /* Release */,
			);
			defaultConfigurationIsVisible = 0;
			defaultConfigurationName = Release;
		};
/* End XCConfigurationList section */
	};
	rootObject = 97574F4929B9F39C00EC87CD /* Project object */;
}
