// !$*UTF8*$!
{
	archiveVersion = 1;
	classes = {
	};
	objectVersion = 56;
	objects = {

/* Begin PBXBuildFile section */
		977DBF7C297BB1110038D42E /* LandmarksApp.swift in Sources */ = {isa = PBXBuildFile; fileRef = 977DBF7B297BB1110038D42E /* LandmarksApp.swift */; };
		977DBF7E297BB1110038D42E /* ContentView.swift in Sources */ = {isa = PBXBuildFile; fileRef = 977DBF7D297BB1110038D42E /* ContentView.swift */; };
		977DBF80297BB1130038D42E /* Assets.xcassets in Resources */ = {isa = PBXBuildFile; fileRef = 977DBF7F297BB1130038D42E /* Assets.xcassets */; };
		977DBF83297BB1130038D42E /* Preview Assets.xcassets in Resources */ = {isa = PBXBuildFile; fileRef = 977DBF82297BB1130038D42E /* Preview Assets.xcassets */; };
		977DBF8A297BB3860038D42E /* CircleImage.swift in Sources */ = {isa = PBXBuildFile; fileRef = 977DBF89297BB3860038D42E /* CircleImage.swift */; };
		977DBF8C297BB4130038D42E /* MapView.swift in Sources */ = {isa = PBXBuildFile; fileRef = 977DBF8B297BB4130038D42E /* MapView.swift */; };
		977DBF91297BBE190038D42E /* Landmark.swift in Sources */ = {isa = PBXBuildFile; fileRef = 977DBF90297BBE190038D42E /* Landmark.swift */; };
		977DBF93297BBF5D0038D42E /* ModelData.swift in Sources */ = {isa = PBXBuildFile; fileRef = 977DBF92297BBF5D0038D42E /* ModelData.swift */; };
		977DBF97297BC0940038D42E /* LandmarkRow.swift in Sources */ = {isa = PBXBuildFile; fileRef = 977DBF96297BC0940038D42E /* LandmarkRow.swift */; };
		977DBF9B297BC1E10038D42E /* landmarkData.json in Resources */ = {isa = PBXBuildFile; fileRef = 977DBF9A297BC1E10038D42E /* landmarkData.json */; };
		977DBF9D297BC38E0038D42E /* LandmakrList.swift in Sources */ = {isa = PBXBuildFile; fileRef = 977DBF9C297BC38E0038D42E /* LandmakrList.swift */; };
		977DBF9F297BC47E0038D42E /* LandmarkDetail.swift in Sources */ = {isa = PBXBuildFile; fileRef = 977DBF9E297BC47E0038D42E /* LandmarkDetail.swift */; };
		978049D3297BDF5F00321E89 /* FavoriteButton.swift in Sources */ = {isa = PBXBuildFile; fileRef = 978049D2297BDF5F00321E89 /* FavoriteButton.swift */; };
		978049D7297BE28F00321E89 /* HexagonParameters.swift in Sources */ = {isa = PBXBuildFile; fileRef = 978049D6297BE28F00321E89 /* HexagonParameters.swift */; };
		978049D9297BEA9700321E89 /* BadgeBackground.swift in Sources */ = {isa = PBXBuildFile; fileRef = 978049D8297BEA9700321E89 /* BadgeBackground.swift */; };
		978049DB297BEE4200321E89 /* BadgeSymbol.swift in Sources */ = {isa = PBXBuildFile; fileRef = 978049DA297BEE4200321E89 /* BadgeSymbol.swift */; };
		978049DD297BEEF600321E89 /* RotatedBadgeSymbol.swift in Sources */ = {isa = PBXBuildFile; fileRef = 978049DC297BEEF600321E89 /* RotatedBadgeSymbol.swift */; };
		978049DF297BEF4700321E89 /* Bdage.swift in Sources */ = {isa = PBXBuildFile; fileRef = 978049DE297BEF4700321E89 /* Bdage.swift */; };
		978049E5297CCD5E00321E89 /* Hike.swift in Sources */ = {isa = PBXBuildFile; fileRef = 978049E4297CCD5E00321E89 /* Hike.swift */; };
		978049EB297CCDF500321E89 /* GraphCapsule.swift in Sources */ = {isa = PBXBuildFile; fileRef = 978049E7297CCDF500321E89 /* GraphCapsule.swift */; };
		978049EC297CCDF500321E89 /* HikeGraph.swift in Sources */ = {isa = PBXBuildFile; fileRef = 978049E8297CCDF500321E89 /* HikeGraph.swift */; };
		978049ED297CCDF500321E89 /* HikeDetail.swift in Sources */ = {isa = PBXBuildFile; fileRef = 978049E9297CCDF500321E89 /* HikeDetail.swift */; };
		978049EE297CCDF500321E89 /* HikeView.swift in Sources */ = {isa = PBXBuildFile; fileRef = 978049EA297CCDF500321E89 /* HikeView.swift */; };
		978049F2297FB2B300321E89 /* hikeData.json in Resources */ = {isa = PBXBuildFile; fileRef = 978049F1297FB2B300321E89 /* hikeData.json */; };
		978049F5297FB34100321E89 /* CategoryHome.swift in Sources */ = {isa = PBXBuildFile; fileRef = 978049F4297FB34100321E89 /* CategoryHome.swift */; };
		978049F7297FB4E900321E89 /* CategoryRow.swift in Sources */ = {isa = PBXBuildFile; fileRef = 978049F6297FB4E900321E89 /* CategoryRow.swift */; };
		978049F9297FB60B00321E89 /* CategoryItem.swift in Sources */ = {isa = PBXBuildFile; fileRef = 978049F8297FB60B00321E89 /* CategoryItem.swift */; };
/* End PBXBuildFile section */

/* Begin PBXFileReference section */
		977DBF78297BB1110038D42E /* Landmarks.app */ = {isa = PBXFileReference; explicitFileType = wrapper.application; includeInIndex = 0; path = Landmarks.app; sourceTree = BUILT_PRODUCTS_DIR; };
		977DBF7B297BB1110038D42E /* LandmarksApp.swift */ = {isa = PBXFileReference; lastKnownFileType = sourcecode.swift; path = LandmarksApp.swift; sourceTree = "<group>"; };
		977DBF7D297BB1110038D42E /* ContentView.swift */ = {isa = PBXFileReference; lastKnownFileType = sourcecode.swift; path = ContentView.swift; sourceTree = "<group>"; };
		977DBF7F297BB1130038D42E /* Assets.xcassets */ = {isa = PBXFileReference; lastKnownFileType = folder.assetcatalog; path = Assets.xcassets; sourceTree = "<group>"; };
		977DBF82297BB1130038D42E /* Preview Assets.xcassets */ = {isa = PBXFileReference; lastKnownFileType = folder.assetcatalog; path = "Preview Assets.xcassets"; sourceTree = "<group>"; };
		977DBF89297BB3860038D42E /* CircleImage.swift */ = {isa = PBXFileReference; lastKnownFileType = sourcecode.swift; path = CircleImage.swift; sourceTree = "<group>"; };
		977DBF8B297BB4130038D42E /* MapView.swift */ = {isa = PBXFileReference; lastKnownFileType = sourcecode.swift; path = MapView.swift; sourceTree = "<group>"; };
		977DBF90297BBE190038D42E /* Landmark.swift */ = {isa = PBXFileReference; lastKnownFileType = sourcecode.swift; path = Landmark.swift; sourceTree = "<group>"; };
		977DBF92297BBF5D0038D42E /* ModelData.swift */ = {isa = PBXFileReference; lastKnownFileType = sourcecode.swift; path = ModelData.swift; sourceTree = "<group>"; };
		977DBF96297BC0940038D42E /* LandmarkRow.swift */ = {isa = PBXFileReference; lastKnownFileType = sourcecode.swift; path = LandmarkRow.swift; sourceTree = "<group>"; };
		977DBF9A297BC1E10038D42E /* landmarkData.json */ = {isa = PBXFileReference; fileEncoding = 4; lastKnownFileType = text.json; path = landmarkData.json; sourceTree = "<group>"; };
		977DBF9C297BC38E0038D42E /* LandmakrList.swift */ = {isa = PBXFileReference; lastKnownFileType = sourcecode.swift; path = LandmakrList.swift; sourceTree = "<group>"; };
		977DBF9E297BC47E0038D42E /* LandmarkDetail.swift */ = {isa = PBXFileReference; lastKnownFileType = sourcecode.swift; path = LandmarkDetail.swift; sourceTree = "<group>"; };
		978049D2297BDF5F00321E89 /* FavoriteButton.swift */ = {isa = PBXFileReference; lastKnownFileType = sourcecode.swift; path = FavoriteButton.swift; sourceTree = "<group>"; };
		978049D6297BE28F00321E89 /* HexagonParameters.swift */ = {isa = PBXFileReference; lastKnownFileType = sourcecode.swift; path = HexagonParameters.swift; sourceTree = "<group>"; };
		978049D8297BEA9700321E89 /* BadgeBackground.swift */ = {isa = PBXFileReference; lastKnownFileType = sourcecode.swift; path = BadgeBackground.swift; sourceTree = "<group>"; };
		978049DA297BEE4200321E89 /* BadgeSymbol.swift */ = {isa = PBXFileReference; lastKnownFileType = sourcecode.swift; path = BadgeSymbol.swift; sourceTree = "<group>"; };
		978049DC297BEEF600321E89 /* RotatedBadgeSymbol.swift */ = {isa = PBXFileReference; lastKnownFileType = sourcecode.swift; path = RotatedBadgeSymbol.swift; sourceTree = "<group>"; };
		978049DE297BEF4700321E89 /* Bdage.swift */ = {isa = PBXFileReference; lastKnownFileType = sourcecode.swift; path = Bdage.swift; sourceTree = "<group>"; };
		978049E4297CCD5E00321E89 /* Hike.swift */ = {isa = PBXFileReference; lastKnownFileType = sourcecode.swift; path = Hike.swift; sourceTree = "<group>"; };
		978049E7297CCDF500321E89 /* GraphCapsule.swift */ = {isa = PBXFileReference; fileEncoding = 4; lastKnownFileType = sourcecode.swift; path = GraphCapsule.swift; sourceTree = "<group>"; };
		978049E8297CCDF500321E89 /* HikeGraph.swift */ = {isa = PBXFileReference; fileEncoding = 4; lastKnownFileType = sourcecode.swift; path = HikeGraph.swift; sourceTree = "<group>"; };
		978049E9297CCDF500321E89 /* HikeDetail.swift */ = {isa = PBXFileReference; fileEncoding = 4; lastKnownFileType = sourcecode.swift; path = HikeDetail.swift; sourceTree = "<group>"; };
		978049EA297CCDF500321E89 /* HikeView.swift */ = {isa = PBXFileReference; fileEncoding = 4; lastKnownFileType = sourcecode.swift; path = HikeView.swift; sourceTree = "<group>"; };
		978049F1297FB2B300321E89 /* hikeData.json */ = {isa = PBXFileReference; fileEncoding = 4; lastKnownFileType = text.json; name = hikeData.json; path = ../../../../../ComposingComplexInterfaces/StartingPoint/Landmarks/Resources/hikeData.json; sourceTree = "<group>"; };
		978049F4297FB34100321E89 /* CategoryHome.swift */ = {isa = PBXFileReference; lastKnownFileType = sourcecode.swift; path = CategoryHome.swift; sourceTree = "<group>"; };
		978049F6297FB4E900321E89 /* CategoryRow.swift */ = {isa = PBXFileReference; lastKnownFileType = sourcecode.swift; path = CategoryRow.swift; sourceTree = "<group>"; };
		978049F8297FB60B00321E89 /* CategoryItem.swift */ = {isa = PBXFileReference; lastKnownFileType = sourcecode.swift; path = CategoryItem.swift; sourceTree = "<group>"; };
/* End PBXFileReference section */

/* Begin PBXFrameworksBuildPhase section */
		977DBF75297BB1110038D42E /* Frameworks */ = {
			isa = PBXFrameworksBuildPhase;
			buildActionMask = 2147483647;
			files = (
			);
			runOnlyForDeploymentPostprocessing = 0;
		};
/* End PBXFrameworksBuildPhase section */

/* Begin PBXGroup section */
		977DBF6F297BB1110038D42E = {
			isa = PBXGroup;
			children = (
				977DBF7A297BB1110038D42E /* Landmarks */,
				977DBF79297BB1110038D42E /* Products */,
			);
			sourceTree = "<group>";
		};
		977DBF79297BB1110038D42E /* Products */ = {
			isa = PBXGroup;
			children = (
				977DBF78297BB1110038D42E /* Landmarks.app */,
			);
			name = Products;
			sourceTree = "<group>";
		};
		977DBF7A297BB1110038D42E /* Landmarks */ = {
			isa = PBXGroup;
			children = (
				978049E6297CCDF500321E89 /* Hikes */,
				977DBF8D297BBDD40038D42E /* Resources */,
				977DBF7B297BB1110038D42E /* LandmarksApp.swift */,
				977DBF94297BC01D0038D42E /* Views */,
				977DBF7F297BB1130038D42E /* Assets.xcassets */,
				977DBF81297BB1130038D42E /* Preview Content */,
				977DBF95297BC0580038D42E /* Model */,
			);
			path = Landmarks;
			sourceTree = "<group>";
		};
		977DBF81297BB1130038D42E /* Preview Content */ = {
			isa = PBXGroup;
			children = (
				977DBF82297BB1130038D42E /* Preview Assets.xcassets */,
			);
			path = "Preview Content";
			sourceTree = "<group>";
		};
		977DBF8D297BBDD40038D42E /* Resources */ = {
			isa = PBXGroup;
			children = (
				978049F1297FB2B300321E89 /* hikeData.json */,
				977DBF9A297BC1E10038D42E /* landmarkData.json */,
			);
			path = Resources;
			sourceTree = "<group>";
		};
		977DBF94297BC01D0038D42E /* Views */ = {
			isa = PBXGroup;
			children = (
				978049F3297FB31B00321E89 /* Categories */,
				978049D5297BE02E00321E89 /* Landmarks */,
				977DBF7D297BB1110038D42E /* ContentView.swift */,
				978049D4297BE00200321E89 /* Helpers */,
				978049E0297BF0D600321E89 /* Badge */,
			);
			path = Views;
			sourceTree = "<group>";
		};
		977DBF95297BC0580038D42E /* Model */ = {
			isa = PBXGroup;
			children = (
				978049E4297CCD5E00321E89 /* Hike.swift */,
				977DBF90297BBE190038D42E /* Landmark.swift */,
				977DBF92297BBF5D0038D42E /* ModelData.swift */,
			);
			path = Model;
			sourceTree = "<group>";
		};
		978049D4297BE00200321E89 /* Helpers */ = {
			isa = PBXGroup;
			children = (
				977DBF89297BB3860038D42E /* CircleImage.swift */,
				977DBF8B297BB4130038D42E /* MapView.swift */,
				978049D2297BDF5F00321E89 /* FavoriteButton.swift */,
			);
			path = Helpers;
			sourceTree = "<group>";
		};
		978049D5297BE02E00321E89 /* Landmarks */ = {
			isa = PBXGroup;
			children = (
				977DBF96297BC0940038D42E /* LandmarkRow.swift */,
				977DBF9C297BC38E0038D42E /* LandmakrList.swift */,
				977DBF9E297BC47E0038D42E /* LandmarkDetail.swift */,
			);
			path = Landmarks;
			sourceTree = "<group>";
		};
		978049E0297BF0D600321E89 /* Badge */ = {
			isa = PBXGroup;
			children = (
				978049DA297BEE4200321E89 /* BadgeSymbol.swift */,
				978049DC297BEEF600321E89 /* RotatedBadgeSymbol.swift */,
				978049DE297BEF4700321E89 /* Bdage.swift */,
				978049D6297BE28F00321E89 /* HexagonParameters.swift */,
				978049D8297BEA9700321E89 /* BadgeBackground.swift */,
			);
			path = Badge;
			sourceTree = "<group>";
		};
		978049E6297CCDF500321E89 /* Hikes */ = {
			isa = PBXGroup;
			children = (
				978049E7297CCDF500321E89 /* GraphCapsule.swift */,
				978049E8297CCDF500321E89 /* HikeGraph.swift */,
				978049E9297CCDF500321E89 /* HikeDetail.swift */,
				978049EA297CCDF500321E89 /* HikeView.swift */,
			);
			path = Hikes;
			sourceTree = "<group>";
		};
		978049F3297FB31B00321E89 /* Categories */ = {
			isa = PBXGroup;
			children = (
				978049F4297FB34100321E89 /* CategoryHome.swift */,
				978049F6297FB4E900321E89 /* CategoryRow.swift */,
				978049F8297FB60B00321E89 /* CategoryItem.swift */,
			);
			path = Categories;
			sourceTree = "<group>";
		};
/* End PBXGroup section */

/* Begin PBXNativeTarget section */
		977DBF77297BB1110038D42E /* Landmarks */ = {
			isa = PBXNativeTarget;
			buildConfigurationList = 977DBF86297BB1130038D42E /* Build configuration list for PBXNativeTarget "Landmarks" */;
			buildPhases = (
				977DBF74297BB1110038D42E /* Sources */,
				977DBF75297BB1110038D42E /* Frameworks */,
				977DBF76297BB1110038D42E /* Resources */,
			);
			buildRules = (
			);
			dependencies = (
			);
			name = Landmarks;
			productName = Landmarks;
			productReference = 977DBF78297BB1110038D42E /* Landmarks.app */;
			productType = "com.apple.product-type.application";
		};
/* End PBXNativeTarget section */

/* Begin PBXProject section */
		977DBF70297BB1110038D42E /* Project object */ = {
			isa = PBXProject;
			attributes = {
				BuildIndependentTargetsInParallel = 1;
				LastSwiftUpdateCheck = 1420;
				LastUpgradeCheck = 1420;
				TargetAttributes = {
					977DBF77297BB1110038D42E = {
						CreatedOnToolsVersion = 14.2;
					};
				};
			};
			buildConfigurationList = 977DBF73297BB1110038D42E /* Build configuration list for PBXProject "Landmarks" */;
			compatibilityVersion = "Xcode 14.0";
			developmentRegion = en;
			hasScannedForEncodings = 0;
			knownRegions = (
				en,
				Base,
			);
			mainGroup = 977DBF6F297BB1110038D42E;
			productRefGroup = 977DBF79297BB1110038D42E /* Products */;
			projectDirPath = "";
			projectRoot = "";
			targets = (
				977DBF77297BB1110038D42E /* Landmarks */,
			);
		};
/* End PBXProject section */

/* Begin PBXResourcesBuildPhase section */
		977DBF76297BB1110038D42E /* Resources */ = {
			isa = PBXResourcesBuildPhase;
			buildActionMask = 2147483647;
			files = (
				978049F2297FB2B300321E89 /* hikeData.json in Resources */,
				977DBF83297BB1130038D42E /* Preview Assets.xcassets in Resources */,
				977DBF80297BB1130038D42E /* Assets.xcassets in Resources */,
				977DBF9B297BC1E10038D42E /* landmarkData.json in Resources */,
			);
			runOnlyForDeploymentPostprocessing = 0;
		};
/* End PBXResourcesBuildPhase section */

/* Begin PBXSourcesBuildPhase section */
		977DBF74297BB1110038D42E /* Sources */ = {
			isa = PBXSourcesBuildPhase;
			buildActionMask = 2147483647;
			files = (
				978049F7297FB4E900321E89 /* CategoryRow.swift in Sources */,
				977DBF7E297BB1110038D42E /* ContentView.swift in Sources */,
				978049F5297FB34100321E89 /* CategoryHome.swift in Sources */,
				978049EC297CCDF500321E89 /* HikeGraph.swift in Sources */,
				977DBF8C297BB4130038D42E /* MapView.swift in Sources */,
				977DBF7C297BB1110038D42E /* LandmarksApp.swift in Sources */,
				978049EB297CCDF500321E89 /* GraphCapsule.swift in Sources */,
				978049D3297BDF5F00321E89 /* FavoriteButton.swift in Sources */,
				978049D7297BE28F00321E89 /* HexagonParameters.swift in Sources */,
				978049F9297FB60B00321E89 /* CategoryItem.swift in Sources */,
				978049ED297CCDF500321E89 /* HikeDetail.swift in Sources */,
				978049DF297BEF4700321E89 /* Bdage.swift in Sources */,
				978049E5297CCD5E00321E89 /* Hike.swift in Sources */,
				978049DD297BEEF600321E89 /* RotatedBadgeSymbol.swift in Sources */,
				978049DB297BEE4200321E89 /* BadgeSymbol.swift in Sources */,
				977DBF9D297BC38E0038D42E /* LandmakrList.swift in Sources */,
				978049EE297CCDF500321E89 /* HikeView.swift in Sources */,
				977DBF9F297BC47E0038D42E /* LandmarkDetail.swift in Sources */,
				978049D9297BEA9700321E89 /* BadgeBackground.swift in Sources */,
				977DBF8A297BB3860038D42E /* CircleImage.swift in Sources */,
				977DBF91297BBE190038D42E /* Landmark.swift in Sources */,
				977DBF97297BC0940038D42E /* LandmarkRow.swift in Sources */,
				977DBF93297BBF5D0038D42E /* ModelData.swift in Sources */,
			);
			runOnlyForDeploymentPostprocessing = 0;
		};
/* End PBXSourcesBuildPhase section */

/* Begin XCBuildConfiguration section */
		977DBF84297BB1130038D42E /* Debug */ = {
			isa = XCBuildConfiguration;
			buildSettings = {
				ALWAYS_SEARCH_USER_PATHS = NO;
				CLANG_ANALYZER_NONNULL = YES;
				CLANG_ANALYZER_NUMBER_OBJECT_CONVERSION = YES_AGGRESSIVE;
				CLANG_CXX_LANGUAGE_STANDARD = "gnu++20";
				CLANG_ENABLE_MODULES = YES;
				CLANG_ENABLE_OBJC_ARC = YES;
				CLANG_ENABLE_OBJC_WEAK = YES;
				CLANG_WARN_BLOCK_CAPTURE_AUTORELEASING = YES;
				CLANG_WARN_BOOL_CONVERSION = YES;
				CLANG_WARN_COMMA = YES;
				CLANG_WARN_CONSTANT_CONVERSION = YES;
				CLANG_WARN_DEPRECATED_OBJC_IMPLEMENTATIONS = YES;
				CLANG_WARN_DIRECT_OBJC_ISA_USAGE = YES_ERROR;
				CLANG_WARN_DOCUMENTATION_COMMENTS = YES;
				CLANG_WARN_EMPTY_BODY = YES;
				CLANG_WARN_ENUM_CONVERSION = YES;
				CLANG_WARN_INFINITE_RECURSION = YES;
				CLANG_WARN_INT_CONVERSION = YES;
				CLANG_WARN_NON_LITERAL_NULL_CONVERSION = YES;
				CLANG_WARN_OBJC_IMPLICIT_RETAIN_SELF = YES;
				CLANG_WARN_OBJC_LITERAL_CONVERSION = YES;
				CLANG_WARN_OBJC_ROOT_CLASS = YES_ERROR;
				CLANG_WARN_QUOTED_INCLUDE_IN_FRAMEWORK_HEADER = YES;
				CLANG_WARN_RANGE_LOOP_ANALYSIS = YES;
				CLANG_WARN_STRICT_PROTOTYPES = YES;
				CLANG_WARN_SUSPICIOUS_MOVE = YES;
				CLANG_WARN_UNGUARDED_AVAILABILITY = YES_AGGRESSIVE;
				CLANG_WARN_UNREACHABLE_CODE = YES;
				CLANG_WARN__DUPLICATE_METHOD_MATCH = YES;
				COPY_PHASE_STRIP = NO;
				DEBUG_INFORMATION_FORMAT = dwarf;
				ENABLE_STRICT_OBJC_MSGSEND = YES;
				ENABLE_TESTABILITY = YES;
				GCC_C_LANGUAGE_STANDARD = gnu11;
				GCC_DYNAMIC_NO_PIC = NO;
				GCC_NO_COMMON_BLOCKS = YES;
				GCC_OPTIMIZATION_LEVEL = 0;
				GCC_PREPROCESSOR_DEFINITIONS = (
					"DEBUG=1",
					"$(inherited)",
				);
				GCC_WARN_64_TO_32_BIT_CONVERSION = YES;
				GCC_WARN_ABOUT_RETURN_TYPE = YES_ERROR;
				GCC_WARN_UNDECLARED_SELECTOR = YES;
				GCC_WARN_UNINITIALIZED_AUTOS = YES_AGGRESSIVE;
				GCC_WARN_UNUSED_FUNCTION = YES;
				GCC_WARN_UNUSED_VARIABLE = YES;
				IPHONEOS_DEPLOYMENT_TARGET = 16.2;
				MTL_ENABLE_DEBUG_INFO = INCLUDE_SOURCE;
				MTL_FAST_MATH = YES;
				ONLY_ACTIVE_ARCH = YES;
				SDKROOT = iphoneos;
				SWIFT_ACTIVE_COMPILATION_CONDITIONS = DEBUG;
				SWIFT_OPTIMIZATION_LEVEL = "-Onone";
			};
			name = Debug;
		};
		977DBF85297BB1130038D42E /* Release */ = {
			isa = XCBuildConfiguration;
			buildSettings = {
				ALWAYS_SEARCH_USER_PATHS = NO;
				CLANG_ANALYZER_NONNULL = YES;
				CLANG_ANALYZER_NUMBER_OBJECT_CONVERSION = YES_AGGRESSIVE;
				CLANG_CXX_LANGUAGE_STANDARD = "gnu++20";
				CLANG_ENABLE_MODULES = YES;
				CLANG_ENABLE_OBJC_ARC = YES;
				CLANG_ENABLE_OBJC_WEAK = YES;
				CLANG_WARN_BLOCK_CAPTURE_AUTORELEASING = YES;
				CLANG_WARN_BOOL_CONVERSION = YES;
				CLANG_WARN_COMMA = YES;
				CLANG_WARN_CONSTANT_CONVERSION = YES;
				CLANG_WARN_DEPRECATED_OBJC_IMPLEMENTATIONS = YES;
				CLANG_WARN_DIRECT_OBJC_ISA_USAGE = YES_ERROR;
				CLANG_WARN_DOCUMENTATION_COMMENTS = YES;
				CLANG_WARN_EMPTY_BODY = YES;
				CLANG_WARN_ENUM_CONVERSION = YES;
				CLANG_WARN_INFINITE_RECURSION = YES;
				CLANG_WARN_INT_CONVERSION = YES;
				CLANG_WARN_NON_LITERAL_NULL_CONVERSION = YES;
				CLANG_WARN_OBJC_IMPLICIT_RETAIN_SELF = YES;
				CLANG_WARN_OBJC_LITERAL_CONVERSION = YES;
				CLANG_WARN_OBJC_ROOT_CLASS = YES_ERROR;
				CLANG_WARN_QUOTED_INCLUDE_IN_FRAMEWORK_HEADER = YES;
				CLANG_WARN_RANGE_LOOP_ANALYSIS = YES;
				CLANG_WARN_STRICT_PROTOTYPES = YES;
				CLANG_WARN_SUSPICIOUS_MOVE = YES;
				CLANG_WARN_UNGUARDED_AVAILABILITY = YES_AGGRESSIVE;
				CLANG_WARN_UNREACHABLE_CODE = YES;
				CLANG_WARN__DUPLICATE_METHOD_MATCH = YES;
				COPY_PHASE_STRIP = NO;
				DEBUG_INFORMATION_FORMAT = "dwarf-with-dsym";
				ENABLE_NS_ASSERTIONS = NO;
				ENABLE_STRICT_OBJC_MSGSEND = YES;
				GCC_C_LANGUAGE_STANDARD = gnu11;
				GCC_NO_COMMON_BLOCKS = YES;
				GCC_WARN_64_TO_32_BIT_CONVERSION = YES;
				GCC_WARN_ABOUT_RETURN_TYPE = YES_ERROR;
				GCC_WARN_UNDECLARED_SELECTOR = YES;
				GCC_WARN_UNINITIALIZED_AUTOS = YES_AGGRESSIVE;
				GCC_WARN_UNUSED_FUNCTION = YES;
				GCC_WARN_UNUSED_VARIABLE = YES;
				IPHONEOS_DEPLOYMENT_TARGET = 16.2;
				MTL_ENABLE_DEBUG_INFO = NO;
				MTL_FAST_MATH = YES;
				SDKROOT = iphoneos;
				SWIFT_COMPILATION_MODE = wholemodule;
				SWIFT_OPTIMIZATION_LEVEL = "-O";
				VALIDATE_PRODUCT = YES;
			};
			name = Release;
		};
		977DBF87297BB1130038D42E /* Debug */ = {
			isa = XCBuildConfiguration;
			buildSettings = {
				ASSETCATALOG_COMPILER_APPICON_NAME = AppIcon;
				ASSETCATALOG_COMPILER_GLOBAL_ACCENT_COLOR_NAME = AccentColor;
				CODE_SIGN_STYLE = Automatic;
				CURRENT_PROJECT_VERSION = 1;
				DEVELOPMENT_ASSET_PATHS = "\"Landmarks/Preview Content\"";
				ENABLE_PREVIEWS = YES;
				GENERATE_INFOPLIST_FILE = YES;
				INFOPLIST_KEY_UIApplicationSceneManifest_Generation = YES;
				INFOPLIST_KEY_UIApplicationSupportsIndirectInputEvents = YES;
				INFOPLIST_KEY_UILaunchScreen_Generation = YES;
				INFOPLIST_KEY_UISupportedInterfaceOrientations_iPad = "UIInterfaceOrientationPortrait UIInterfaceOrientationPortraitUpsideDown UIInterfaceOrientationLandscapeLeft UIInterfaceOrientationLandscapeRight";
				INFOPLIST_KEY_UISupportedInterfaceOrientations_iPhone = "UIInterfaceOrientationPortrait UIInterfaceOrientationLandscapeLeft UIInterfaceOrientationLandscapeRight";
				LD_RUNPATH_SEARCH_PATHS = (
					"$(inherited)",
					"@executable_path/Frameworks",
				);
				MARKETING_VERSION = 1.0;
				PRODUCT_BUNDLE_IDENTIFIER = com.HaeSeongPark.Landmarks;
				PRODUCT_NAME = "$(TARGET_NAME)";
				SWIFT_EMIT_LOC_STRINGS = YES;
				SWIFT_VERSION = 5.0;
				TARGETED_DEVICE_FAMILY = "1,2";
			};
			name = Debug;
		};
		977DBF88297BB1130038D42E /* Release */ = {
			isa = XCBuildConfiguration;
			buildSettings = {
				ASSETCATALOG_COMPILER_APPICON_NAME = AppIcon;
				ASSETCATALOG_COMPILER_GLOBAL_ACCENT_COLOR_NAME = AccentColor;
				CODE_SIGN_STYLE = Automatic;
				CURRENT_PROJECT_VERSION = 1;
				DEVELOPMENT_ASSET_PATHS = "\"Landmarks/Preview Content\"";
				ENABLE_PREVIEWS = YES;
				GENERATE_INFOPLIST_FILE = YES;
				INFOPLIST_KEY_UIApplicationSceneManifest_Generation = YES;
				INFOPLIST_KEY_UIApplicationSupportsIndirectInputEvents = YES;
				INFOPLIST_KEY_UILaunchScreen_Generation = YES;
				INFOPLIST_KEY_UISupportedInterfaceOrientations_iPad = "UIInterfaceOrientationPortrait UIInterfaceOrientationPortraitUpsideDown UIInterfaceOrientationLandscapeLeft UIInterfaceOrientationLandscapeRight";
				INFOPLIST_KEY_UISupportedInterfaceOrientations_iPhone = "UIInterfaceOrientationPortrait UIInterfaceOrientationLandscapeLeft UIInterfaceOrientationLandscapeRight";
				LD_RUNPATH_SEARCH_PATHS = (
					"$(inherited)",
					"@executable_path/Frameworks",
				);
				MARKETING_VERSION = 1.0;
				PRODUCT_BUNDLE_IDENTIFIER = com.HaeSeongPark.Landmarks;
				PRODUCT_NAME = "$(TARGET_NAME)";
				SWIFT_EMIT_LOC_STRINGS = YES;
				SWIFT_VERSION = 5.0;
				TARGETED_DEVICE_FAMILY = "1,2";
			};
			name = Release;
		};
/* End XCBuildConfiguration section */

/* Begin XCConfigurationList section */
		977DBF73297BB1110038D42E /* Build configuration list for PBXProject "Landmarks" */ = {
			isa = XCConfigurationList;
			buildConfigurations = (
				977DBF84297BB1130038D42E /* Debug */,
				977DBF85297BB1130038D42E /* Release */,
			);
			defaultConfigurationIsVisible = 0;
			defaultConfigurationName = Release;
		};
		977DBF86297BB1130038D42E /* Build configuration list for PBXNativeTarget "Landmarks" */ = {
			isa = XCConfigurationList;
			buildConfigurations = (
				977DBF87297BB1130038D42E /* Debug */,
				977DBF88297BB1130038D42E /* Release */,
			);
			defaultConfigurationIsVisible = 0;
			defaultConfigurationName = Release;
		};
/* End XCConfigurationList section */
	};
	rootObject = 977DBF70297BB1110038D42E /* Project object */;
}
