// !$*UTF8*$!
{
	archiveVersion = 1;
	classes = {
	};
	objectVersion = 55;
	objects = {

/* Begin PBXBuildFile section */
		976366C42914AE1200FEADE7 /* AppDelegate.swift in Sources */ = {isa = PBXBuildFile; fileRef = 976366C32914AE1200FEADE7 /* AppDelegate.swift */; };
		976366C62914AE1200FEADE7 /* SceneDelegate.swift in Sources */ = {isa = PBXBuildFile; fileRef = 976366C52914AE1200FEADE7 /* SceneDelegate.swift */; };
		976366C82914AE1200FEADE7 /* ViewController.swift in Sources */ = {isa = PBXBuildFile; fileRef = 976366C72914AE1200FEADE7 /* ViewController.swift */; };
		976366CB2914AE1200FEADE7 /* Main.storyboard in Resources */ = {isa = PBXBuildFile; fileRef = 976366C92914AE1200FEADE7 /* Main.storyboard */; };
		976366CD2914AE1400FEADE7 /* Assets.xcassets in Resources */ = {isa = PBXBuildFile; fileRef = 976366CC2914AE1400FEADE7 /* Assets.xcassets */; };
		976366D02914AE1400FEADE7 /* LaunchScreen.storyboard in Resources */ = {isa = PBXBuildFile; fileRef = 976366CE2914AE1400FEADE7 /* LaunchScreen.storyboard */; };
		976366D82914AE6E00FEADE7 /* CustomButton.swift in Sources */ = {isa = PBXBuildFile; fileRef = 976366D72914AE6E00FEADE7 /* CustomButton.swift */; };
		976366DA2914AE9D00FEADE7 /* UIViewPreview.swift in Sources */ = {isa = PBXBuildFile; fileRef = 976366D92914AE9D00FEADE7 /* UIViewPreview.swift */; };
		976366DE2914B2A300FEADE7 /* ViewControllerPreview.swift in Sources */ = {isa = PBXBuildFile; fileRef = 976366DD2914B2A300FEADE7 /* ViewControllerPreview.swift */; };
		976366E02914B37500FEADE7 /* DeviceType.swift in Sources */ = {isa = PBXBuildFile; fileRef = 976366DF2914B37500FEADE7 /* DeviceType.swift */; };
/* End PBXBuildFile section */

/* Begin PBXFileReference section */
		976366C02914AE1200FEADE7 /* UIKitPreview.app */ = {isa = PBXFileReference; explicitFileType = wrapper.application; includeInIndex = 0; path = UIKitPreview.app; sourceTree = BUILT_PRODUCTS_DIR; };
		976366C32914AE1200FEADE7 /* AppDelegate.swift */ = {isa = PBXFileReference; lastKnownFileType = sourcecode.swift; path = AppDelegate.swift; sourceTree = "<group>"; };
		976366C52914AE1200FEADE7 /* SceneDelegate.swift */ = {isa = PBXFileReference; lastKnownFileType = sourcecode.swift; path = SceneDelegate.swift; sourceTree = "<group>"; };
		976366C72914AE1200FEADE7 /* ViewController.swift */ = {isa = PBXFileReference; lastKnownFileType = sourcecode.swift; path = ViewController.swift; sourceTree = "<group>"; };
		976366CA2914AE1200FEADE7 /* Base */ = {isa = PBXFileReference; lastKnownFileType = file.storyboard; name = Base; path = Base.lproj/Main.storyboard; sourceTree = "<group>"; };
		976366CC2914AE1400FEADE7 /* Assets.xcassets */ = {isa = PBXFileReference; lastKnownFileType = folder.assetcatalog; path = Assets.xcassets; sourceTree = "<group>"; };
		976366CF2914AE1400FEADE7 /* Base */ = {isa = PBXFileReference; lastKnownFileType = file.storyboard; name = Base; path = Base.lproj/LaunchScreen.storyboard; sourceTree = "<group>"; };
		976366D12914AE1400FEADE7 /* Info.plist */ = {isa = PBXFileReference; lastKnownFileType = text.plist.xml; path = Info.plist; sourceTree = "<group>"; };
		976366D72914AE6E00FEADE7 /* CustomButton.swift */ = {isa = PBXFileReference; lastKnownFileType = sourcecode.swift; path = CustomButton.swift; sourceTree = "<group>"; };
		976366D92914AE9D00FEADE7 /* UIViewPreview.swift */ = {isa = PBXFileReference; lastKnownFileType = sourcecode.swift; path = UIViewPreview.swift; sourceTree = "<group>"; };
		976366DD2914B2A300FEADE7 /* ViewControllerPreview.swift */ = {isa = PBXFileReference; lastKnownFileType = sourcecode.swift; path = ViewControllerPreview.swift; sourceTree = "<group>"; };
		976366DF2914B37500FEADE7 /* DeviceType.swift */ = {isa = PBXFileReference; lastKnownFileType = sourcecode.swift; path = DeviceType.swift; sourceTree = "<group>"; };
/* End PBXFileReference section */

/* Begin PBXFrameworksBuildPhase section */
		976366BD2914AE1200FEADE7 /* Frameworks */ = {
			isa = PBXFrameworksBuildPhase;
			buildActionMask = 2147483647;
			files = (
			);
			runOnlyForDeploymentPostprocessing = 0;
		};
/* End PBXFrameworksBuildPhase section */

/* Begin PBXGroup section */
		976366B72914AE1200FEADE7 = {
			isa = PBXGroup;
			children = (
				976366C22914AE1200FEADE7 /* UIKitPreview */,
				976366C12914AE1200FEADE7 /* Products */,
			);
			sourceTree = "<group>";
		};
		976366C12914AE1200FEADE7 /* Products */ = {
			isa = PBXGroup;
			children = (
				976366C02914AE1200FEADE7 /* UIKitPreview.app */,
			);
			name = Products;
			sourceTree = "<group>";
		};
		976366C22914AE1200FEADE7 /* UIKitPreview */ = {
			isa = PBXGroup;
			children = (
				976366D72914AE6E00FEADE7 /* CustomButton.swift */,
				976366D92914AE9D00FEADE7 /* UIViewPreview.swift */,
				976366C32914AE1200FEADE7 /* AppDelegate.swift */,
				976366C52914AE1200FEADE7 /* SceneDelegate.swift */,
				976366C72914AE1200FEADE7 /* ViewController.swift */,
				976366C92914AE1200FEADE7 /* Main.storyboard */,
				976366CC2914AE1400FEADE7 /* Assets.xcassets */,
				976366CE2914AE1400FEADE7 /* LaunchScreen.storyboard */,
				976366D12914AE1400FEADE7 /* Info.plist */,
				976366DD2914B2A300FEADE7 /* ViewControllerPreview.swift */,
				976366DF2914B37500FEADE7 /* DeviceType.swift */,
			);
			path = UIKitPreview;
			sourceTree = "<group>";
		};
/* End PBXGroup section */

/* Begin PBXNativeTarget section */
		976366BF2914AE1200FEADE7 /* UIKitPreview */ = {
			isa = PBXNativeTarget;
			buildConfigurationList = 976366D42914AE1400FEADE7 /* Build configuration list for PBXNativeTarget "UIKitPreview" */;
			buildPhases = (
				976366BC2914AE1200FEADE7 /* Sources */,
				976366BD2914AE1200FEADE7 /* Frameworks */,
				976366BE2914AE1200FEADE7 /* Resources */,
			);
			buildRules = (
			);
			dependencies = (
			);
			name = UIKitPreview;
			productName = UIKitPreview;
			productReference = 976366C02914AE1200FEADE7 /* UIKitPreview.app */;
			productType = "com.apple.product-type.application";
		};
/* End PBXNativeTarget section */

/* Begin PBXProject section */
		976366B82914AE1200FEADE7 /* Project object */ = {
			isa = PBXProject;
			attributes = {
				BuildIndependentTargetsInParallel = 1;
				LastSwiftUpdateCheck = 1310;
				LastUpgradeCheck = 1310;
				TargetAttributes = {
					976366BF2914AE1200FEADE7 = {
						CreatedOnToolsVersion = 13.1;
					};
				};
			};
			buildConfigurationList = 976366BB2914AE1200FEADE7 /* Build configuration list for PBXProject "UIKitPreview" */;
			compatibilityVersion = "Xcode 13.0";
			developmentRegion = en;
			hasScannedForEncodings = 0;
			knownRegions = (
				en,
				Base,
			);
			mainGroup = 976366B72914AE1200FEADE7;
			productRefGroup = 976366C12914AE1200FEADE7 /* Products */;
			projectDirPath = "";
			projectRoot = "";
			targets = (
				976366BF2914AE1200FEADE7 /* UIKitPreview */,
			);
		};
/* End PBXProject section */

/* Begin PBXResourcesBuildPhase section */
		976366BE2914AE1200FEADE7 /* Resources */ = {
			isa = PBXResourcesBuildPhase;
			buildActionMask = 2147483647;
			files = (
				976366D02914AE1400FEADE7 /* LaunchScreen.storyboard in Resources */,
				976366CD2914AE1400FEADE7 /* Assets.xcassets in Resources */,
				976366CB2914AE1200FEADE7 /* Main.storyboard in Resources */,
			);
			runOnlyForDeploymentPostprocessing = 0;
		};
/* End PBXResourcesBuildPhase section */

/* Begin PBXSourcesBuildPhase section */
		976366BC2914AE1200FEADE7 /* Sources */ = {
			isa = PBXSourcesBuildPhase;
			buildActionMask = 2147483647;
			files = (
				976366DA2914AE9D00FEADE7 /* UIViewPreview.swift in Sources */,
				976366DE2914B2A300FEADE7 /* ViewControllerPreview.swift in Sources */,
				976366D82914AE6E00FEADE7 /* CustomButton.swift in Sources */,
				976366E02914B37500FEADE7 /* DeviceType.swift in Sources */,
				976366C82914AE1200FEADE7 /* ViewController.swift in Sources */,
				976366C42914AE1200FEADE7 /* AppDelegate.swift in Sources */,
				976366C62914AE1200FEADE7 /* SceneDelegate.swift in Sources */,
			);
			runOnlyForDeploymentPostprocessing = 0;
		};
/* End PBXSourcesBuildPhase section */

/* Begin PBXVariantGroup section */
		976366C92914AE1200FEADE7 /* Main.storyboard */ = {
			isa = PBXVariantGroup;
			children = (
				976366CA2914AE1200FEADE7 /* Base */,
			);
			name = Main.storyboard;
			sourceTree = "<group>";
		};
		976366CE2914AE1400FEADE7 /* LaunchScreen.storyboard */ = {
			isa = PBXVariantGroup;
			children = (
				976366CF2914AE1400FEADE7 /* Base */,
			);
			name = LaunchScreen.storyboard;
			sourceTree = "<group>";
		};
/* End PBXVariantGroup section */

/* Begin XCBuildConfiguration section */
		976366D22914AE1400FEADE7 /* Debug */ = {
			isa = XCBuildConfiguration;
			buildSettings = {
				ALWAYS_SEARCH_USER_PATHS = NO;
				CLANG_ANALYZER_NONNULL = YES;
				CLANG_ANALYZER_NUMBER_OBJECT_CONVERSION = YES_AGGRESSIVE;
				CLANG_CXX_LANGUAGE_STANDARD = "gnu++17";
				CLANG_CXX_LIBRARY = "libc++";
				CLANG_ENABLE_MODULES = YES;
				CLANG_ENABLE_OBJC_ARC = YES;
				CLANG_ENABLE_OBJC_WEAK = YES;
				CLANG_WARN_BLOCK_CAPTURE_AUTORELEASING = YES;
				CLANG_WARN_BOOL_CONVERSION = YES;
				CLANG_WARN_COMMA = YES;
				CLANG_WARN_CONSTANT_CONVERSION = YES;
				CLANG_WARN_DEPRECATED_OBJC_IMPLEMENTATIONS = YES;
				CLANG_WARN_DIRECT_OBJC_ISA_USAGE = YES_ERROR;
				CLANG_WARN_DOCUMENTATION_COMMENTS = YES;
				CLANG_WARN_EMPTY_BODY = YES;
				CLANG_WARN_ENUM_CONVERSION = YES;
				CLANG_WARN_INFINITE_RECURSION = YES;
				CLANG_WARN_INT_CONVERSION = YES;
				CLANG_WARN_NON_LITERAL_NULL_CONVERSION = YES;
				CLANG_WARN_OBJC_IMPLICIT_RETAIN_SELF = YES;
				CLANG_WARN_OBJC_LITERAL_CONVERSION = YES;
				CLANG_WARN_OBJC_ROOT_CLASS = YES_ERROR;
				CLANG_WARN_QUOTED_INCLUDE_IN_FRAMEWORK_HEADER = YES;
				CLANG_WARN_RANGE_LOOP_ANALYSIS = YES;
				CLANG_WARN_STRICT_PROTOTYPES = YES;
				CLANG_WARN_SUSPICIOUS_MOVE = YES;
				CLANG_WARN_UNGUARDED_AVAILABILITY = YES_AGGRESSIVE;
				CLANG_WARN_UNREACHABLE_CODE = YES;
				CLANG_WARN__DUPLICATE_METHOD_MATCH = YES;
				COPY_PHASE_STRIP = NO;
				DEBUG_INFORMATION_FORMAT = dwarf;
				ENABLE_STRICT_OBJC_MSGSEND = YES;
				ENABLE_TESTABILITY = YES;
				GCC_C_LANGUAGE_STANDARD = gnu11;
				GCC_DYNAMIC_NO_PIC = NO;
				GCC_NO_COMMON_BLOCKS = YES;
				GCC_OPTIMIZATION_LEVEL = 0;
				GCC_PREPROCESSOR_DEFINITIONS = (
					"DEBUG=1",
					"$(inherited)",
				);
				GCC_WARN_64_TO_32_BIT_CONVERSION = YES;
				GCC_WARN_ABOUT_RETURN_TYPE = YES_ERROR;
				GCC_WARN_UNDECLARED_SELECTOR = YES;
				GCC_WARN_UNINITIALIZED_AUTOS = YES_AGGRESSIVE;
				GCC_WARN_UNUSED_FUNCTION = YES;
				GCC_WARN_UNUSED_VARIABLE = YES;
				IPHONEOS_DEPLOYMENT_TARGET = 15.0;
				MTL_ENABLE_DEBUG_INFO = INCLUDE_SOURCE;
				MTL_FAST_MATH = YES;
				ONLY_ACTIVE_ARCH = YES;
				SDKROOT = iphoneos;
				SWIFT_ACTIVE_COMPILATION_CONDITIONS = DEBUG;
				SWIFT_OPTIMIZATION_LEVEL = "-Onone";
			};
			name = Debug;
		};
		976366D32914AE1400FEADE7 /* Release */ = {
			isa = XCBuildConfiguration;
			buildSettings = {
				ALWAYS_SEARCH_USER_PATHS = NO;
				CLANG_ANALYZER_NONNULL = YES;
				CLANG_ANALYZER_NUMBER_OBJECT_CONVERSION = YES_AGGRESSIVE;
				CLANG_CXX_LANGUAGE_STANDARD = "gnu++17";
				CLANG_CXX_LIBRARY = "libc++";
				CLANG_ENABLE_MODULES = YES;
				CLANG_ENABLE_OBJC_ARC = YES;
				CLANG_ENABLE_OBJC_WEAK = YES;
				CLANG_WARN_BLOCK_CAPTURE_AUTORELEASING = YES;
				CLANG_WARN_BOOL_CONVERSION = YES;
				CLANG_WARN_COMMA = YES;
				CLANG_WARN_CONSTANT_CONVERSION = YES;
				CLANG_WARN_DEPRECATED_OBJC_IMPLEMENTATIONS = YES;
				CLANG_WARN_DIRECT_OBJC_ISA_USAGE = YES_ERROR;
				CLANG_WARN_DOCUMENTATION_COMMENTS = YES;
				CLANG_WARN_EMPTY_BODY = YES;
				CLANG_WARN_ENUM_CONVERSION = YES;
				CLANG_WARN_INFINITE_RECURSION = YES;
				CLANG_WARN_INT_CONVERSION = YES;
				CLANG_WARN_NON_LITERAL_NULL_CONVERSION = YES;
				CLANG_WARN_OBJC_IMPLICIT_RETAIN_SELF = YES;
				CLANG_WARN_OBJC_LITERAL_CONVERSION = YES;
				CLANG_WARN_OBJC_ROOT_CLASS = YES_ERROR;
				CLANG_WARN_QUOTED_INCLUDE_IN_FRAMEWORK_HEADER = YES;
				CLANG_WARN_RANGE_LOOP_ANALYSIS = YES;
				CLANG_WARN_STRICT_PROTOTYPES = YES;
				CLANG_WARN_SUSPICIOUS_MOVE = YES;
				CLANG_WARN_UNGUARDED_AVAILABILITY = YES_AGGRESSIVE;
				CLANG_WARN_UNREACHABLE_CODE = YES;
				CLANG_WARN__DUPLICATE_METHOD_MATCH = YES;
				COPY_PHASE_STRIP = NO;
				DEBUG_INFORMATION_FORMAT = "dwarf-with-dsym";
				ENABLE_NS_ASSERTIONS = NO;
				ENABLE_STRICT_OBJC_MSGSEND = YES;
				GCC_C_LANGUAGE_STANDARD = gnu11;
				GCC_NO_COMMON_BLOCKS = YES;
				GCC_WARN_64_TO_32_BIT_CONVERSION = YES;
				GCC_WARN_ABOUT_RETURN_TYPE = YES_ERROR;
				GCC_WARN_UNDECLARED_SELECTOR = YES;
				GCC_WARN_UNINITIALIZED_AUTOS = YES_AGGRESSIVE;
				GCC_WARN_UNUSED_FUNCTION = YES;
				GCC_WARN_UNUSED_VARIABLE = YES;
				IPHONEOS_DEPLOYMENT_TARGET = 15.0;
				MTL_ENABLE_DEBUG_INFO = NO;
				MTL_FAST_MATH = YES;
				SDKROOT = iphoneos;
				SWIFT_COMPILATION_MODE = wholemodule;
				SWIFT_OPTIMIZATION_LEVEL = "-O";
				VALIDATE_PRODUCT = YES;
			};
			name = Release;
		};
		976366D52914AE1400FEADE7 /* Debug */ = {
			isa = XCBuildConfiguration;
			buildSettings = {
				ASSETCATALOG_COMPILER_APPICON_NAME = AppIcon;
				ASSETCATALOG_COMPILER_GLOBAL_ACCENT_COLOR_NAME = AccentColor;
				CODE_SIGN_STYLE = Automatic;
				CURRENT_PROJECT_VERSION = 1;
				GENERATE_INFOPLIST_FILE = YES;
				INFOPLIST_FILE = UIKitPreview/Info.plist;
				INFOPLIST_KEY_UIApplicationSupportsIndirectInputEvents = YES;
				INFOPLIST_KEY_UILaunchStoryboardName = LaunchScreen;
				INFOPLIST_KEY_UIMainStoryboardFile = Main;
				INFOPLIST_KEY_UISupportedInterfaceOrientations_iPad = "UIInterfaceOrientationPortrait UIInterfaceOrientationPortraitUpsideDown UIInterfaceOrientationLandscapeLeft UIInterfaceOrientationLandscapeRight";
				INFOPLIST_KEY_UISupportedInterfaceOrientations_iPhone = "UIInterfaceOrientationPortrait UIInterfaceOrientationLandscapeLeft UIInterfaceOrientationLandscapeRight";
				LD_RUNPATH_SEARCH_PATHS = (
					"$(inherited)",
					"@executable_path/Frameworks",
				);
				MARKETING_VERSION = 1.0;
				PRODUCT_BUNDLE_IDENTIFIER = com.HaeSeongPark.UIKitPreview;
				PRODUCT_NAME = "$(TARGET_NAME)";
				SWIFT_EMIT_LOC_STRINGS = YES;
				SWIFT_VERSION = 5.0;
				TARGETED_DEVICE_FAMILY = "1,2";
			};
			name = Debug;
		};
		976366D62914AE1400FEADE7 /* Release */ = {
			isa = XCBuildConfiguration;
			buildSettings = {
				ASSETCATALOG_COMPILER_APPICON_NAME = AppIcon;
				ASSETCATALOG_COMPILER_GLOBAL_ACCENT_COLOR_NAME = AccentColor;
				CODE_SIGN_STYLE = Automatic;
				CURRENT_PROJECT_VERSION = 1;
				GENERATE_INFOPLIST_FILE = YES;
				INFOPLIST_FILE = UIKitPreview/Info.plist;
				INFOPLIST_KEY_UIApplicationSupportsIndirectInputEvents = YES;
				INFOPLIST_KEY_UILaunchStoryboardName = LaunchScreen;
				INFOPLIST_KEY_UIMainStoryboardFile = Main;
				INFOPLIST_KEY_UISupportedInterfaceOrientations_iPad = "UIInterfaceOrientationPortrait UIInterfaceOrientationPortraitUpsideDown UIInterfaceOrientationLandscapeLeft UIInterfaceOrientationLandscapeRight";
				INFOPLIST_KEY_UISupportedInterfaceOrientations_iPhone = "UIInterfaceOrientationPortrait UIInterfaceOrientationLandscapeLeft UIInterfaceOrientationLandscapeRight";
				LD_RUNPATH_SEARCH_PATHS = (
					"$(inherited)",
					"@executable_path/Frameworks",
				);
				MARKETING_VERSION = 1.0;
				PRODUCT_BUNDLE_IDENTIFIER = com.HaeSeongPark.UIKitPreview;
				PRODUCT_NAME = "$(TARGET_NAME)";
				SWIFT_EMIT_LOC_STRINGS = YES;
				SWIFT_VERSION = 5.0;
				TARGETED_DEVICE_FAMILY = "1,2";
			};
			name = Release;
		};
/* End XCBuildConfiguration section */

/* Begin XCConfigurationList section */
		976366BB2914AE1200FEADE7 /* Build configuration list for PBXProject "UIKitPreview" */ = {
			isa = XCConfigurationList;
			buildConfigurations = (
				976366D22914AE1400FEADE7 /* Debug */,
				976366D32914AE1400FEADE7 /* Release */,
			);
			defaultConfigurationIsVisible = 0;
			defaultConfigurationName = Release;
		};
		976366D42914AE1400FEADE7 /* Build configuration list for PBXNativeTarget "UIKitPreview" */ = {
			isa = XCConfigurationList;
			buildConfigurations = (
				976366D52914AE1400FEADE7 /* Debug */,
				976366D62914AE1400FEADE7 /* Release */,
			);
			defaultConfigurationIsVisible = 0;
			defaultConfigurationName = Release;
		};
/* End XCConfigurationList section */
	};
	rootObject = 976366B82914AE1200FEADE7 /* Project object */;
}
