// !$*UTF8*$!
{
	archiveVersion = 1;
	classes = {
	};
	objectVersion = 50;
	objects = {

/* Begin PBXBuildFile section */
		97285403214213900018809A /* MyView.swift in Sources */ = {isa = PBXBuildFile; fileRef = 97285402214213900018809A /* MyView.swift */; };
		972A3E742141525400831A13 /* AppDelegate.swift in Sources */ = {isa = PBXBuildFile; fileRef = 972A3E732141525400831A13 /* AppDelegate.swift */; };
		972A3E762141525400831A13 /* ViewController.swift in Sources */ = {isa = PBXBuildFile; fileRef = 972A3E752141525400831A13 /* ViewController.swift */; };
		972A3E782141525500831A13 /* Assets.xcassets in Resources */ = {isa = PBXBuildFile; fileRef = 972A3E772141525500831A13 /* Assets.xcassets */; };
		972A3E7B2141525500831A13 /* Main.storyboard in Resources */ = {isa = PBXBuildFile; fileRef = 972A3E792141525500831A13 /* Main.storyboard */; };
		972A3E852141540E00831A13 /* MyItem.swift in Sources */ = {isa = PBXBuildFile; fileRef = 972A3E832141540E00831A13 /* MyItem.swift */; };
		972A3E862141540E00831A13 /* MyItem.xib in Resources */ = {isa = PBXBuildFile; fileRef = 972A3E842141540E00831A13 /* MyItem.xib */; };
/* End PBXBuildFile section */

/* Begin PBXFileReference section */
		97285402214213900018809A /* MyView.swift */ = {isa = PBXFileReference; lastKnownFileType = sourcecode.swift; path = MyView.swift; sourceTree = "<group>"; };
		972A3E702141525400831A13 /* NSCollectionVIewDragDrop.app */ = {isa = PBXFileReference; explicitFileType = wrapper.application; includeInIndex = 0; path = NSCollectionVIewDragDrop.app; sourceTree = BUILT_PRODUCTS_DIR; };
		972A3E732141525400831A13 /* AppDelegate.swift */ = {isa = PBXFileReference; lastKnownFileType = sourcecode.swift; path = AppDelegate.swift; sourceTree = "<group>"; };
		972A3E752141525400831A13 /* ViewController.swift */ = {isa = PBXFileReference; lastKnownFileType = sourcecode.swift; path = ViewController.swift; sourceTree = "<group>"; };
		972A3E772141525500831A13 /* Assets.xcassets */ = {isa = PBXFileReference; lastKnownFileType = folder.assetcatalog; path = Assets.xcassets; sourceTree = "<group>"; };
		972A3E7A2141525500831A13 /* Base */ = {isa = PBXFileReference; lastKnownFileType = file.storyboard; name = Base; path = Base.lproj/Main.storyboard; sourceTree = "<group>"; };
		972A3E7C2141525500831A13 /* Info.plist */ = {isa = PBXFileReference; lastKnownFileType = text.plist.xml; path = Info.plist; sourceTree = "<group>"; };
		972A3E7D2141525500831A13 /* NSCollectionVIewDragDrop.entitlements */ = {isa = PBXFileReference; lastKnownFileType = text.plist.entitlements; path = NSCollectionVIewDragDrop.entitlements; sourceTree = "<group>"; };
		972A3E832141540E00831A13 /* MyItem.swift */ = {isa = PBXFileReference; lastKnownFileType = sourcecode.swift; path = MyItem.swift; sourceTree = "<group>"; };
		972A3E842141540E00831A13 /* MyItem.xib */ = {isa = PBXFileReference; lastKnownFileType = file.xib; path = MyItem.xib; sourceTree = "<group>"; };
/* End PBXFileReference section */

/* Begin PBXFrameworksBuildPhase section */
		972A3E6D2141525400831A13 /* Frameworks */ = {
			isa = PBXFrameworksBuildPhase;
			buildActionMask = 2147483647;
			files = (
			);
			runOnlyForDeploymentPostprocessing = 0;
		};
/* End PBXFrameworksBuildPhase section */

/* Begin PBXGroup section */
		972A3E672141525400831A13 = {
			isa = PBXGroup;
			children = (
				972A3E722141525400831A13 /* NSCollectionVIewDragDrop */,
				972A3E712141525400831A13 /* Products */,
			);
			sourceTree = "<group>";
		};
		972A3E712141525400831A13 /* Products */ = {
			isa = PBXGroup;
			children = (
				972A3E702141525400831A13 /* NSCollectionVIewDragDrop.app */,
			);
			name = Products;
			sourceTree = "<group>";
		};
		972A3E722141525400831A13 /* NSCollectionVIewDragDrop */ = {
			isa = PBXGroup;
			children = (
				972A3E732141525400831A13 /* AppDelegate.swift */,
				972A3E752141525400831A13 /* ViewController.swift */,
				972A3E832141540E00831A13 /* MyItem.swift */,
				97285402214213900018809A /* MyView.swift */,
				972A3E842141540E00831A13 /* MyItem.xib */,
				972A3E772141525500831A13 /* Assets.xcassets */,
				972A3E792141525500831A13 /* Main.storyboard */,
				972A3E7C2141525500831A13 /* Info.plist */,
				972A3E7D2141525500831A13 /* NSCollectionVIewDragDrop.entitlements */,
			);
			path = NSCollectionVIewDragDrop;
			sourceTree = "<group>";
		};
/* End PBXGroup section */

/* Begin PBXNativeTarget section */
		972A3E6F2141525400831A13 /* NSCollectionVIewDragDrop */ = {
			isa = PBXNativeTarget;
			buildConfigurationList = 972A3E802141525500831A13 /* Build configuration list for PBXNativeTarget "NSCollectionVIewDragDrop" */;
			buildPhases = (
				972A3E6C2141525400831A13 /* Sources */,
				972A3E6D2141525400831A13 /* Frameworks */,
				972A3E6E2141525400831A13 /* Resources */,
			);
			buildRules = (
			);
			dependencies = (
			);
			name = NSCollectionVIewDragDrop;
			productName = NSCollectionVIewDragDrop;
			productReference = 972A3E702141525400831A13 /* NSCollectionVIewDragDrop.app */;
			productType = "com.apple.product-type.application";
		};
/* End PBXNativeTarget section */

/* Begin PBXProject section */
		972A3E682141525400831A13 /* Project object */ = {
			isa = PBXProject;
			attributes = {
				LastSwiftUpdateCheck = 0940;
				LastUpgradeCheck = 0940;
				ORGANIZATIONNAME = "rhino Q";
				TargetAttributes = {
					972A3E6F2141525400831A13 = {
						CreatedOnToolsVersion = 9.4.1;
					};
				};
			};
			buildConfigurationList = 972A3E6B2141525400831A13 /* Build configuration list for PBXProject "NSCollectionVIewDragDrop" */;
			compatibilityVersion = "Xcode 9.3";
			developmentRegion = en;
			hasScannedForEncodings = 0;
			knownRegions = (
				en,
				Base,
			);
			mainGroup = 972A3E672141525400831A13;
			productRefGroup = 972A3E712141525400831A13 /* Products */;
			projectDirPath = "";
			projectRoot = "";
			targets = (
				972A3E6F2141525400831A13 /* NSCollectionVIewDragDrop */,
			);
		};
/* End PBXProject section */

/* Begin PBXResourcesBuildPhase section */
		972A3E6E2141525400831A13 /* Resources */ = {
			isa = PBXResourcesBuildPhase;
			buildActionMask = 2147483647;
			files = (
				972A3E782141525500831A13 /* Assets.xcassets in Resources */,
				972A3E7B2141525500831A13 /* Main.storyboard in Resources */,
				972A3E862141540E00831A13 /* MyItem.xib in Resources */,
			);
			runOnlyForDeploymentPostprocessing = 0;
		};
/* End PBXResourcesBuildPhase section */

/* Begin PBXSourcesBuildPhase section */
		972A3E6C2141525400831A13 /* Sources */ = {
			isa = PBXSourcesBuildPhase;
			buildActionMask = 2147483647;
			files = (
				97285403214213900018809A /* MyView.swift in Sources */,
				972A3E762141525400831A13 /* ViewController.swift in Sources */,
				972A3E852141540E00831A13 /* MyItem.swift in Sources */,
				972A3E742141525400831A13 /* AppDelegate.swift in Sources */,
			);
			runOnlyForDeploymentPostprocessing = 0;
		};
/* End PBXSourcesBuildPhase section */

/* Begin PBXVariantGroup section */
		972A3E792141525500831A13 /* Main.storyboard */ = {
			isa = PBXVariantGroup;
			children = (
				972A3E7A2141525500831A13 /* Base */,
			);
			name = Main.storyboard;
			sourceTree = "<group>";
		};
/* End PBXVariantGroup section */

/* Begin XCBuildConfiguration section */
		972A3E7E2141525500831A13 /* Debug */ = {
			isa = XCBuildConfiguration;
			buildSettings = {
				ALWAYS_SEARCH_USER_PATHS = NO;
				CLANG_ANALYZER_NONNULL = YES;
				CLANG_ANALYZER_NUMBER_OBJECT_CONVERSION = YES_AGGRESSIVE;
				CLANG_CXX_LANGUAGE_STANDARD = "gnu++14";
				CLANG_CXX_LIBRARY = "libc++";
				CLANG_ENABLE_MODULES = YES;
				CLANG_ENABLE_OBJC_ARC = YES;
				CLANG_ENABLE_OBJC_WEAK = YES;
				CLANG_WARN_BLOCK_CAPTURE_AUTORELEASING = YES;
				CLANG_WARN_BOOL_CONVERSION = YES;
				CLANG_WARN_COMMA = YES;
				CLANG_WARN_CONSTANT_CONVERSION = YES;
				CLANG_WARN_DEPRECATED_OBJC_IMPLEMENTATIONS = YES;
				CLANG_WARN_DIRECT_OBJC_ISA_USAGE = YES_ERROR;
				CLANG_WARN_DOCUMENTATION_COMMENTS = YES;
				CLANG_WARN_EMPTY_BODY = YES;
				CLANG_WARN_ENUM_CONVERSION = YES;
				CLANG_WARN_INFINITE_RECURSION = YES;
				CLANG_WARN_INT_CONVERSION = YES;
				CLANG_WARN_NON_LITERAL_NULL_CONVERSION = YES;
				CLANG_WARN_OBJC_IMPLICIT_RETAIN_SELF = YES;
				CLANG_WARN_OBJC_LITERAL_CONVERSION = YES;
				CLANG_WARN_OBJC_ROOT_CLASS = YES_ERROR;
				CLANG_WARN_RANGE_LOOP_ANALYSIS = YES;
				CLANG_WARN_STRICT_PROTOTYPES = YES;
				CLANG_WARN_SUSPICIOUS_MOVE = YES;
				CLANG_WARN_UNGUARDED_AVAILABILITY = YES_AGGRESSIVE;
				CLANG_WARN_UNREACHABLE_CODE = YES;
				CLANG_WARN__DUPLICATE_METHOD_MATCH = YES;
				CODE_SIGN_IDENTITY = "-";
				COPY_PHASE_STRIP = NO;
				DEBUG_INFORMATION_FORMAT = dwarf;
				ENABLE_STRICT_OBJC_MSGSEND = YES;
				ENABLE_TESTABILITY = YES;
				GCC_C_LANGUAGE_STANDARD = gnu11;
				GCC_DYNAMIC_NO_PIC = NO;
				GCC_NO_COMMON_BLOCKS = YES;
				GCC_OPTIMIZATION_LEVEL = 0;
				GCC_PREPROCESSOR_DEFINITIONS = (
					"DEBUG=1",
					"$(inherited)",
				);
				GCC_WARN_64_TO_32_BIT_CONVERSION = YES;
				GCC_WARN_ABOUT_RETURN_TYPE = YES_ERROR;
				GCC_WARN_UNDECLARED_SELECTOR = YES;
				GCC_WARN_UNINITIALIZED_AUTOS = YES_AGGRESSIVE;
				GCC_WARN_UNUSED_FUNCTION = YES;
				GCC_WARN_UNUSED_VARIABLE = YES;
				MACOSX_DEPLOYMENT_TARGET = 10.13;
				MTL_ENABLE_DEBUG_INFO = YES;
				ONLY_ACTIVE_ARCH = YES;
				SDKROOT = macosx;
				SWIFT_ACTIVE_COMPILATION_CONDITIONS = DEBUG;
				SWIFT_OPTIMIZATION_LEVEL = "-Onone";
			};
			name = Debug;
		};
		972A3E7F2141525500831A13 /* Release */ = {
			isa = XCBuildConfiguration;
			buildSettings = {
				ALWAYS_SEARCH_USER_PATHS = NO;
				CLANG_ANALYZER_NONNULL = YES;
				CLANG_ANALYZER_NUMBER_OBJECT_CONVERSION = YES_AGGRESSIVE;
				CLANG_CXX_LANGUAGE_STANDARD = "gnu++14";
				CLANG_CXX_LIBRARY = "libc++";
				CLANG_ENABLE_MODULES = YES;
				CLANG_ENABLE_OBJC_ARC = YES;
				CLANG_ENABLE_OBJC_WEAK = YES;
				CLANG_WARN_BLOCK_CAPTURE_AUTORELEASING = YES;
				CLANG_WARN_BOOL_CONVERSION = YES;
				CLANG_WARN_COMMA = YES;
				CLANG_WARN_CONSTANT_CONVERSION = YES;
				CLANG_WARN_DEPRECATED_OBJC_IMPLEMENTATIONS = YES;
				CLANG_WARN_DIRECT_OBJC_ISA_USAGE = YES_ERROR;
				CLANG_WARN_DOCUMENTATION_COMMENTS = YES;
				CLANG_WARN_EMPTY_BODY = YES;
				CLANG_WARN_ENUM_CONVERSION = YES;
				CLANG_WARN_INFINITE_RECURSION = YES;
				CLANG_WARN_INT_CONVERSION = YES;
				CLANG_WARN_NON_LITERAL_NULL_CONVERSION = YES;
				CLANG_WARN_OBJC_IMPLICIT_RETAIN_SELF = YES;
				CLANG_WARN_OBJC_LITERAL_CONVERSION = YES;
				CLANG_WARN_OBJC_ROOT_CLASS = YES_ERROR;
				CLANG_WARN_RANGE_LOOP_ANALYSIS = YES;
				CLANG_WARN_STRICT_PROTOTYPES = YES;
				CLANG_WARN_SUSPICIOUS_MOVE = YES;
				CLANG_WARN_UNGUARDED_AVAILABILITY = YES_AGGRESSIVE;
				CLANG_WARN_UNREACHABLE_CODE = YES;
				CLANG_WARN__DUPLICATE_METHOD_MATCH = YES;
				CODE_SIGN_IDENTITY = "-";
				COPY_PHASE_STRIP = NO;
				DEBUG_INFORMATION_FORMAT = "dwarf-with-dsym";
				ENABLE_NS_ASSERTIONS = NO;
				ENABLE_STRICT_OBJC_MSGSEND = YES;
				GCC_C_LANGUAGE_STANDARD = gnu11;
				GCC_NO_COMMON_BLOCKS = YES;
				GCC_WARN_64_TO_32_BIT_CONVERSION = YES;
				GCC_WARN_ABOUT_RETURN_TYPE = YES_ERROR;
				GCC_WARN_UNDECLARED_SELECTOR = YES;
				GCC_WARN_UNINITIALIZED_AUTOS = YES_AGGRESSIVE;
				GCC_WARN_UNUSED_FUNCTION = YES;
				GCC_WARN_UNUSED_VARIABLE = YES;
				MACOSX_DEPLOYMENT_TARGET = 10.13;
				MTL_ENABLE_DEBUG_INFO = NO;
				SDKROOT = macosx;
				SWIFT_COMPILATION_MODE = wholemodule;
				SWIFT_OPTIMIZATION_LEVEL = "-O";
			};
			name = Release;
		};
		972A3E812141525500831A13 /* Debug */ = {
			isa = XCBuildConfiguration;
			buildSettings = {
				ASSETCATALOG_COMPILER_APPICON_NAME = AppIcon;
				CODE_SIGN_ENTITLEMENTS = NSCollectionVIewDragDrop/NSCollectionVIewDragDrop.entitlements;
				CODE_SIGN_STYLE = Automatic;
				COMBINE_HIDPI_IMAGES = YES;
				INFOPLIST_FILE = NSCollectionVIewDragDrop/Info.plist;
				LD_RUNPATH_SEARCH_PATHS = (
					"$(inherited)",
					"@executable_path/../Frameworks",
				);
				PRODUCT_BUNDLE_IDENTIFIER = com.rhino.NSCollectionVIewDragDrop;
				PRODUCT_NAME = "$(TARGET_NAME)";
				SWIFT_VERSION = 4.0;
			};
			name = Debug;
		};
		972A3E822141525500831A13 /* Release */ = {
			isa = XCBuildConfiguration;
			buildSettings = {
				ASSETCATALOG_COMPILER_APPICON_NAME = AppIcon;
				CODE_SIGN_ENTITLEMENTS = NSCollectionVIewDragDrop/NSCollectionVIewDragDrop.entitlements;
				CODE_SIGN_STYLE = Automatic;
				COMBINE_HIDPI_IMAGES = YES;
				INFOPLIST_FILE = NSCollectionVIewDragDrop/Info.plist;
				LD_RUNPATH_SEARCH_PATHS = (
					"$(inherited)",
					"@executable_path/../Frameworks",
				);
				PRODUCT_BUNDLE_IDENTIFIER = com.rhino.NSCollectionVIewDragDrop;
				PRODUCT_NAME = "$(TARGET_NAME)";
				SWIFT_VERSION = 4.0;
			};
			name = Release;
		};
/* End XCBuildConfiguration section */

/* Begin XCConfigurationList section */
		972A3E6B2141525400831A13 /* Build configuration list for PBXProject "NSCollectionVIewDragDrop" */ = {
			isa = XCConfigurationList;
			buildConfigurations = (
				972A3E7E2141525500831A13 /* Debug */,
				972A3E7F2141525500831A13 /* Release */,
			);
			defaultConfigurationIsVisible = 0;
			defaultConfigurationName = Release;
		};
		972A3E802141525500831A13 /* Build configuration list for PBXNativeTarget "NSCollectionVIewDragDrop" */ = {
			isa = XCConfigurationList;
			buildConfigurations = (
				972A3E812141525500831A13 /* Debug */,
				972A3E822141525500831A13 /* Release */,
			);
			defaultConfigurationIsVisible = 0;
			defaultConfigurationName = Release;
		};
/* End XCConfigurationList section */
	};
	rootObject = 972A3E682141525400831A13 /* Project object */;
}
